// !$*UTF8*$!
{
	archiveVersion = 1;
	classes = {
	};
	objectVersion = 54;
	objects = {

/* Begin PBXBuildFile section */
		9336AAA2206A26EA00DF00CA /* sb_class_descriptor.cpp in Sources */ = {isa = PBXBuildFile; fileRef = 9336AAA1206A26EA00DF00CA /* sb_class_descriptor.cpp */; };
		934A430F220DDE2A00FEC1C9 /* libgtest.a in Frameworks */ = {isa = PBXBuildFile; fileRef = 934A430E220DDE2900FEC1C9 /* libgtest.a */; };
		93718CA0227C589E00E22497 /* t_kvdb.cpp in Sources */ = {isa = PBXBuildFile; fileRef = 937F848C21DA328600DD82F8 /* t_kvdb.cpp */; };
		93718CA1227C589E00E22497 /* t_case1.cpp in Sources */ = {isa = PBXBuildFile; fileRef = 937F84AB21DA3CC000DD82F8 /* t_case1.cpp */; };
		93718CA2227C589E00E22497 /* t_case2.cpp in Sources */ = {isa = PBXBuildFile; fileRef = 937F84AD21DA3E8400DD82F8 /* t_case2.cpp */; };
		93718CA3227C589E00E22497 /* t_case3.cpp in Sources */ = {isa = PBXBuildFile; fileRef = 937F84AF21DA430D00DD82F8 /* t_case3.cpp */; };
		93718CA4227C589E00E22497 /* t_case4.cpp in Sources */ = {isa = PBXBuildFile; fileRef = 937F84B221DA43C800DD82F8 /* t_case4.cpp */; };
		93718CA6227C589E00E22497 /* t_case6.cpp in Sources */ = {isa = PBXBuildFile; fileRef = 937F84B621DA52D700DD82F8 /* t_case6.cpp */; };
		93718CA7227C589E00E22497 /* t_case7.cpp in Sources */ = {isa = PBXBuildFile; fileRef = 937F84B821DA52E400DD82F8 /* t_case7.cpp */; };
		93718CA8227C589E00E22497 /* t_case8.cpp in Sources */ = {isa = PBXBuildFile; fileRef = 937F84BA21DA52F700DD82F8 /* t_case8.cpp */; };
		93718CA9227C589E00E22497 /* t_case9.cpp in Sources */ = {isa = PBXBuildFile; fileRef = 937F84BC21DA530400DD82F8 /* t_case9.cpp */; };
		93718CAA227C589E00E22497 /* t_case10.cpp in Sources */ = {isa = PBXBuildFile; fileRef = 937F84BE21DA530F00DD82F8 /* t_case10.cpp */; };
		93718CAB227C589E00E22497 /* t_case11.cpp in Sources */ = {isa = PBXBuildFile; fileRef = 937F84C021DA540900DD82F8 /* t_case11.cpp */; };
		93718CAC227C589E00E22497 /* t_case12.cpp in Sources */ = {isa = PBXBuildFile; fileRef = 937F84C221DA541300DD82F8 /* t_case12.cpp */; };
		93718CAD227C589E00E22497 /* t_case13.cpp in Sources */ = {isa = PBXBuildFile; fileRef = 937F84C421DA541F00DD82F8 /* t_case13.cpp */; };
		93718CAE227C589E00E22497 /* t_case14.cpp in Sources */ = {isa = PBXBuildFile; fileRef = 937F84C621DA542A00DD82F8 /* t_case14.cpp */; };
		93718CAF227C589E00E22497 /* t_case15.cpp in Sources */ = {isa = PBXBuildFile; fileRef = 937F84C821DA543700DD82F8 /* t_case15.cpp */; };
		93718CB0227C589E00E22497 /* t_case16.cpp in Sources */ = {isa = PBXBuildFile; fileRef = 937F84CA21DA544200DD82F8 /* t_case16.cpp */; };
		93718CB1227C589E00E22497 /* t_case17.cpp in Sources */ = {isa = PBXBuildFile; fileRef = 937F84CC21DA544D00DD82F8 /* t_case17.cpp */; };
		93718CB2227C589E00E22497 /* t_case18.cpp in Sources */ = {isa = PBXBuildFile; fileRef = 937F84CE21DA545700DD82F8 /* t_case18.cpp */; };
		93718CB3227C589E00E22497 /* t_case19.cpp in Sources */ = {isa = PBXBuildFile; fileRef = 937F84D021DA546200DD82F8 /* t_case19.cpp */; };
		93718CB4227C589E00E22497 /* t_case20.cpp in Sources */ = {isa = PBXBuildFile; fileRef = 937F84D221DA563C00DD82F8 /* t_case20.cpp */; };
		93718CB5227C589E00E22497 /* t_case21.cpp in Sources */ = {isa = PBXBuildFile; fileRef = 937F84D421DA564600DD82F8 /* t_case21.cpp */; };
		93718CB6227C589E00E22497 /* t_case22.cpp in Sources */ = {isa = PBXBuildFile; fileRef = 937F84D621DA565200DD82F8 /* t_case22.cpp */; };
		93718CB7227C589E00E22497 /* t_case23.cpp in Sources */ = {isa = PBXBuildFile; fileRef = 937F84D821DA565D00DD82F8 /* t_case23.cpp */; };
		93718CB8227C589E00E22497 /* t_case24.cpp in Sources */ = {isa = PBXBuildFile; fileRef = 937F84DA21DA566700DD82F8 /* t_case24.cpp */; };
		937AD9F22457028700FCC0DF /* example34.cpp in Sources */ = {isa = PBXBuildFile; fileRef = 937AD9F02457028700FCC0DF /* example34.cpp */; };
		937AD9F424570AC400FCC0DF /* t_case34.cpp in Sources */ = {isa = PBXBuildFile; fileRef = 937AD9F324570AC400FCC0DF /* t_case34.cpp */; };
		937ADA1E2458636800FCC0DF /* example35.cpp in Sources */ = {isa = PBXBuildFile; fileRef = 937ADA1C2458636800FCC0DF /* example35.cpp */; };
		937ADA202459947600FCC0DF /* t_case35.cpp in Sources */ = {isa = PBXBuildFile; fileRef = 937ADA1F2459947600FCC0DF /* t_case35.cpp */; };
		937ADA46245B199D00FCC0DF /* example36.cpp in Sources */ = {isa = PBXBuildFile; fileRef = 937ADA44245B199D00FCC0DF /* example36.cpp */; };
		937ADA6B245B32D000FCC0DF /* t_case36.cpp in Sources */ = {isa = PBXBuildFile; fileRef = 937ADA6A245B32D000FCC0DF /* t_case36.cpp */; };
		937ADD192467003300FCC0DF /* example37.cpp in Sources */ = {isa = PBXBuildFile; fileRef = 937ADD172467003300FCC0DF /* example37.cpp */; };
		937F848521DA2B4800DD82F8 /* main.cpp in Sources */ = {isa = PBXBuildFile; fileRef = 937F848421DA2B4800DD82F8 /* main.cpp */; };
		937F848E21DA367500DD82F8 /* sb_adapter_sqlite.cpp in Sources */ = {isa = PBXBuildFile; fileRef = 93B071FA20582B0E008D2FB6 /* sb_adapter_sqlite.cpp */; };
		937F848F21DA367500DD82F8 /* sb_tasks_queue.cpp in Sources */ = {isa = PBXBuildFile; fileRef = 93E60DB9205589C4009151ED /* sb_tasks_queue.cpp */; };
		937F849021DA367500DD82F8 /* sb_data_section_descriptor.cpp in Sources */ = {isa = PBXBuildFile; fileRef = 93B0720220591999008D2FB6 /* sb_data_section_descriptor.cpp */; };
		937F849121DA367500DD82F8 /* sb_class_descriptor.cpp in Sources */ = {isa = PBXBuildFile; fileRef = 9336AAA1206A26EA00DF00CA /* sb_class_descriptor.cpp */; };
		937F849221DA369500DD82F8 /* libsqlite3.tbd in Frameworks */ = {isa = PBXBuildFile; fileRef = 93E60DC020558D16009151ED /* libsqlite3.tbd */; };
		937F854721E615BB00DD82F8 /* t_traits.cpp in Sources */ = {isa = PBXBuildFile; fileRef = 937F854621E615BB00DD82F8 /* t_traits.cpp */; };
		9382B54428FC277F0042E124 /* example40.cpp in Sources */ = {isa = PBXBuildFile; fileRef = 9382B54128FC277F0042E124 /* example40.cpp */; };
		938443A5246C1F0F00671F0D /* t_case37.cpp in Sources */ = {isa = PBXBuildFile; fileRef = 938443A4246C1F0F00671F0D /* t_case37.cpp */; };
		938443CD246EC22A00671F0D /* example38.cpp in Sources */ = {isa = PBXBuildFile; fileRef = 938443CB246EC22A00671F0D /* example38.cpp */; };
		938443CF246EC91B00671F0D /* t_case38.cpp in Sources */ = {isa = PBXBuildFile; fileRef = 938443CE246EC91B00671F0D /* t_case38.cpp */; };
		938443F8246ED16300671F0D /* example39.cpp in Sources */ = {isa = PBXBuildFile; fileRef = 938443F6246ED16300671F0D /* example39.cpp */; };
		938443FA246EF3D200671F0D /* t_case39.cpp in Sources */ = {isa = PBXBuildFile; fileRef = 938443F9246EF3D200671F0D /* t_case39.cpp */; };
		9392E7852922AEBF00AD479B /* example41.cpp in Sources */ = {isa = PBXBuildFile; fileRef = 9392E7822922AEBF00AD479B /* example41.cpp */; };
		9392E7872923791100AD479B /* t_case41.cpp in Sources */ = {isa = PBXBuildFile; fileRef = 9392E7862923791100AD479B /* t_case41.cpp */; };
		939AC077232A7C8700575859 /* t_case28.cpp in Sources */ = {isa = PBXBuildFile; fileRef = 939AC076232A7C8700575859 /* t_case28.cpp */; };
		939B69C72433858E0013068E /* example1.cpp in Sources */ = {isa = PBXBuildFile; fileRef = 93B072042059359C008D2FB6 /* example1.cpp */; };
		939B69C82433858E0013068E /* example2.cpp in Sources */ = {isa = PBXBuildFile; fileRef = 93BEDCBB209E0B2F004166EB /* example2.cpp */; };
		939B69C92433858E0013068E /* example3.cpp in Sources */ = {isa = PBXBuildFile; fileRef = 93BEDCC320A06CB5004166EB /* example3.cpp */; };
		939B69CA2433858E0013068E /* example4.cpp in Sources */ = {isa = PBXBuildFile; fileRef = 93BEDCC720A0939E004166EB /* example4.cpp */; };
		939B69CC2433858E0013068E /* example6.cpp in Sources */ = {isa = PBXBuildFile; fileRef = 93BEDCDD20A3129E004166EB /* example6.cpp */; };
		939B69CD2433858E0013068E /* example7.cpp in Sources */ = {isa = PBXBuildFile; fileRef = 93BEDCE720A32362004166EB /* example7.cpp */; };
		939B69CE2433858E0013068E /* example8.cpp in Sources */ = {isa = PBXBuildFile; fileRef = 93BEDCF220A34DB1004166EB /* example8.cpp */; };
		939B69CF2433858E0013068E /* example9.cpp in Sources */ = {isa = PBXBuildFile; fileRef = 93BEDCFC20A42306004166EB /* example9.cpp */; };
		939B69D02433858E0013068E /* example10.cpp in Sources */ = {isa = PBXBuildFile; fileRef = 93857EEA20BBD8C40088B787 /* example10.cpp */; };
		939B69D12433858E0013068E /* example11.cpp in Sources */ = {isa = PBXBuildFile; fileRef = 93857F0020BBDB000088B787 /* example11.cpp */; };
		939B69D22433858E0013068E /* example12.cpp in Sources */ = {isa = PBXBuildFile; fileRef = 93D3B1C620C4481000EEFC49 /* example12.cpp */; };
		939B69D32433858E0013068E /* example13.cpp in Sources */ = {isa = PBXBuildFile; fileRef = 93CD85FA20CA5A79005D37A7 /* example13.cpp */; };
		939B69D42433858E0013068E /* example14.cpp in Sources */ = {isa = PBXBuildFile; fileRef = 93CD860920CA5D49005D37A7 /* example14.cpp */; };
		939B69D52433858E0013068E /* example15.cpp in Sources */ = {isa = PBXBuildFile; fileRef = 93CD861920CA85D2005D37A7 /* example15.cpp */; };
		939B69D62433858E0013068E /* example16.cpp in Sources */ = {isa = PBXBuildFile; fileRef = 93CD861B20CA8713005D37A7 /* example16.cpp */; };
		939B69D72433858E0013068E /* example17.cpp in Sources */ = {isa = PBXBuildFile; fileRef = 93CD862D20CA9B9B005D37A7 /* example17.cpp */; };
		939B69D82433858E0013068E /* example18.cpp in Sources */ = {isa = PBXBuildFile; fileRef = 93F4421620DE260800CC0B83 /* example18.cpp */; };
		939B69D92433858E0013068E /* example19.cpp in Sources */ = {isa = PBXBuildFile; fileRef = 93F4425020E4C33800CC0B83 /* example19.cpp */; };
		939B69DA2433858E0013068E /* example20.cpp in Sources */ = {isa = PBXBuildFile; fileRef = 93F4427C20EF919800CC0B83 /* example20.cpp */; };
		939B69DB2433858E0013068E /* example21.cpp in Sources */ = {isa = PBXBuildFile; fileRef = 939E0AE520F7651900106D46 /* example21.cpp */; };
		939B69DC2433858E0013068E /* example22.cpp in Sources */ = {isa = PBXBuildFile; fileRef = 931E1F0221455043009F9953 /* example22.cpp */; };
		939B69DD2433858E0013068E /* example23.cpp in Sources */ = {isa = PBXBuildFile; fileRef = 931D3CCE2170E3AC00BCD515 /* example23.cpp */; };
		939B69DE2433858E0013068E /* example24.cpp in Sources */ = {isa = PBXBuildFile; fileRef = 931D3CE72175CAFA00BCD515 /* example24.cpp */; };
		939B69DF2433858E0013068E /* example25.cpp in Sources */ = {isa = PBXBuildFile; fileRef = 93E1DD1A22DBC01B00FE4948 /* example25.cpp */; };
		939B69E02433858E0013068E /* example26.cpp in Sources */ = {isa = PBXBuildFile; fileRef = 93EA944D22DDB9F90034663D /* example26.cpp */; };
		939B69E12433858E0013068E /* example27.cpp in Sources */ = {isa = PBXBuildFile; fileRef = 93A54A3122E1E5DC00AB4C09 /* example27.cpp */; };
		939B69E22433858E0013068E /* example28.cpp in Sources */ = {isa = PBXBuildFile; fileRef = 939AC058232A6ECE00575859 /* example28.cpp */; };
		939B69E32433858E0013068E /* example29.cpp in Sources */ = {isa = PBXBuildFile; fileRef = 93AC264123C5C2CD00752FA5 /* example29.cpp */; };
		939B69E52434724F0013068E /* t_case5.cpp in Sources */ = {isa = PBXBuildFile; fileRef = 937F84B421DA446E00DD82F8 /* t_case5.cpp */; };
		939B69E62434725B0013068E /* example5.cpp in Sources */ = {isa = PBXBuildFile; fileRef = 93BEDCD320A1A60C004166EB /* example5.cpp */; };
		939B6A042434AB580013068E /* example30.cpp in Sources */ = {isa = PBXBuildFile; fileRef = 939B69C4243383E10013068E /* example30.cpp */; };
		939B6A062434AB880013068E /* t_case30.cpp in Sources */ = {isa = PBXBuildFile; fileRef = 939B6A052434AB880013068E /* t_case30.cpp */; };
		939B6A0D2435C75A0013068E /* example31.cpp in Sources */ = {isa = PBXBuildFile; fileRef = 939B6A0B2435C75A0013068E /* example31.cpp */; };
		939B6A2D2435D7F70013068E /* t_case31.cpp in Sources */ = {isa = PBXBuildFile; fileRef = 939B6A2C2435D7F70013068E /* t_case31.cpp */; };
		939B6A33243642F40013068E /* t_case32.cpp in Sources */ = {isa = PBXBuildFile; fileRef = 939B6A32243642F40013068E /* t_case32.cpp */; };
		939B6A342436430C0013068E /* example32.cpp in Sources */ = {isa = PBXBuildFile; fileRef = 939B6A2F2436288A0013068E /* example32.cpp */; };
		939B6B01243C538D0013068E /* example33.cpp in Sources */ = {isa = PBXBuildFile; fileRef = 939B6AFF243C538C0013068E /* example33.cpp */; };
		939B6B03243C6B0C0013068E /* t_case33.cpp in Sources */ = {isa = PBXBuildFile; fileRef = 939B6B02243C6B0C0013068E /* t_case33.cpp */; };
		93A54A2F22DF444F00AB4C09 /* t_case26.cpp in Sources */ = {isa = PBXBuildFile; fileRef = 93A54A2E22DF444F00AB4C09 /* t_case26.cpp */; };
		93AB7F6022CB93AB00D5658C /* t_misc.cpp in Sources */ = {isa = PBXBuildFile; fileRef = 93AB7F5F22CB93AB00D5658C /* t_misc.cpp */; };
		93AC267E23C5E79200752FA5 /* t_case29.cpp in Sources */ = {isa = PBXBuildFile; fileRef = 93AC267D23C5E79200752FA5 /* t_case29.cpp */; };
		93AC268023C72C0A00752FA5 /* t_case27.cpp in Sources */ = {isa = PBXBuildFile; fileRef = 93AC267F23C72C0A00752FA5 /* t_case27.cpp */; };
		93B071FB20582B0E008D2FB6 /* sb_adapter_sqlite.cpp in Sources */ = {isa = PBXBuildFile; fileRef = 93B071FA20582B0E008D2FB6 /* sb_adapter_sqlite.cpp */; };
		93B0720320591999008D2FB6 /* sb_data_section_descriptor.cpp in Sources */ = {isa = PBXBuildFile; fileRef = 93B0720220591999008D2FB6 /* sb_data_section_descriptor.cpp */; };
		93BEDCF020A34894004166EB /* main.cpp in Sources */ = {isa = PBXBuildFile; fileRef = 93E60D7B20558090009151ED /* main.cpp */; };
		93E60DBB205589C4009151ED /* sb_tasks_queue.cpp in Sources */ = {isa = PBXBuildFile; fileRef = 93E60DB9205589C4009151ED /* sb_tasks_queue.cpp */; };
		93E60DC120558D16009151ED /* libsqlite3.tbd in Frameworks */ = {isa = PBXBuildFile; fileRef = 93E60DC020558D16009151ED /* libsqlite3.tbd */; };
		93E6BAA22A5C26CD00D00AA6 /* example36.cpp in Sources */ = {isa = PBXBuildFile; fileRef = 937ADA44245B199D00FCC0DF /* example36.cpp */; };
		93E6BAA32A5C26D100D00AA6 /* example37.cpp in Sources */ = {isa = PBXBuildFile; fileRef = 937ADD172467003300FCC0DF /* example37.cpp */; };
		93E6BAA42A5C26D500D00AA6 /* example38.cpp in Sources */ = {isa = PBXBuildFile; fileRef = 938443CB246EC22A00671F0D /* example38.cpp */; };
		93E6BAA52A5C26D900D00AA6 /* example39.cpp in Sources */ = {isa = PBXBuildFile; fileRef = 938443F6246ED16300671F0D /* example39.cpp */; };
		93E6BAA62A5C26DF00D00AA6 /* example40.cpp in Sources */ = {isa = PBXBuildFile; fileRef = 9382B54128FC277F0042E124 /* example40.cpp */; };
		93E6BAA72A5C26E200D00AA6 /* example41.cpp in Sources */ = {isa = PBXBuildFile; fileRef = 9392E7822922AEBF00AD479B /* example41.cpp */; };
		93E6BAA82A5C272100D00AA6 /* example1.cpp in Sources */ = {isa = PBXBuildFile; fileRef = 93B072042059359C008D2FB6 /* example1.cpp */; };
		93E6BAA92A5C272400D00AA6 /* example2.cpp in Sources */ = {isa = PBXBuildFile; fileRef = 93BEDCBB209E0B2F004166EB /* example2.cpp */; };
		93E6BAAA2A5C272700D00AA6 /* example3.cpp in Sources */ = {isa = PBXBuildFile; fileRef = 93BEDCC320A06CB5004166EB /* example3.cpp */; };
		93E6BAAB2A5C274D00D00AA6 /* example30.cpp in Sources */ = {isa = PBXBuildFile; fileRef = 939B69C4243383E10013068E /* example30.cpp */; };
		93E6BAAC2A5C274D00D00AA6 /* example22.cpp in Sources */ = {isa = PBXBuildFile; fileRef = 931E1F0221455043009F9953 /* example22.cpp */; };
		93E6BAAD2A5C274D00D00AA6 /* example34.cpp in Sources */ = {isa = PBXBuildFile; fileRef = 937AD9F02457028700FCC0DF /* example34.cpp */; };
		93E6BAAE2A5C274D00D00AA6 /* example35.cpp in Sources */ = {isa = PBXBuildFile; fileRef = 937ADA1C2458636800FCC0DF /* example35.cpp */; };
		93E6BAAF2A5C274D00D00AA6 /* example6.cpp in Sources */ = {isa = PBXBuildFile; fileRef = 93BEDCDD20A3129E004166EB /* example6.cpp */; };
		93E6BAB02A5C274D00D00AA6 /* example27.cpp in Sources */ = {isa = PBXBuildFile; fileRef = 93A54A3122E1E5DC00AB4C09 /* example27.cpp */; };
		93E6BAB12A5C274D00D00AA6 /* example4.cpp in Sources */ = {isa = PBXBuildFile; fileRef = 93BEDCC720A0939E004166EB /* example4.cpp */; };
		93E6BAB22A5C274D00D00AA6 /* example5.cpp in Sources */ = {isa = PBXBuildFile; fileRef = 93BEDCD320A1A60C004166EB /* example5.cpp */; };
		93E6BAB32A5C274D00D00AA6 /* example31.cpp in Sources */ = {isa = PBXBuildFile; fileRef = 939B6A0B2435C75A0013068E /* example31.cpp */; };
		93E6BAB42A5C274D00D00AA6 /* example7.cpp in Sources */ = {isa = PBXBuildFile; fileRef = 93BEDCE720A32362004166EB /* example7.cpp */; };
		93E6BAB52A5C274D00D00AA6 /* example11.cpp in Sources */ = {isa = PBXBuildFile; fileRef = 93857F0020BBDB000088B787 /* example11.cpp */; };
		93E6BAB62A5C274D00D00AA6 /* example16.cpp in Sources */ = {isa = PBXBuildFile; fileRef = 93CD861B20CA8713005D37A7 /* example16.cpp */; };
		93E6BAB72A5C274D00D00AA6 /* example17.cpp in Sources */ = {isa = PBXBuildFile; fileRef = 93CD862D20CA9B9B005D37A7 /* example17.cpp */; };
		93E6BAB82A5C274D00D00AA6 /* example20.cpp in Sources */ = {isa = PBXBuildFile; fileRef = 93F4427C20EF919800CC0B83 /* example20.cpp */; };
		93E6BAB92A5C274D00D00AA6 /* example18.cpp in Sources */ = {isa = PBXBuildFile; fileRef = 93F4421620DE260800CC0B83 /* example18.cpp */; };
		93E6BABA2A5C274D00D00AA6 /* example25.cpp in Sources */ = {isa = PBXBuildFile; fileRef = 93E1DD1A22DBC01B00FE4948 /* example25.cpp */; };
		93E6BABB2A5C274D00D00AA6 /* example26.cpp in Sources */ = {isa = PBXBuildFile; fileRef = 93EA944D22DDB9F90034663D /* example26.cpp */; };
		93E6BABC2A5C274D00D00AA6 /* example23.cpp in Sources */ = {isa = PBXBuildFile; fileRef = 931D3CCE2170E3AC00BCD515 /* example23.cpp */; };
		93E6BABD2A5C274D00D00AA6 /* example32.cpp in Sources */ = {isa = PBXBuildFile; fileRef = 939B6A2F2436288A0013068E /* example32.cpp */; };
		93E6BABE2A5C274D00D00AA6 /* example13.cpp in Sources */ = {isa = PBXBuildFile; fileRef = 93CD85FA20CA5A79005D37A7 /* example13.cpp */; };
		93E6BABF2A5C274D00D00AA6 /* example21.cpp in Sources */ = {isa = PBXBuildFile; fileRef = 939E0AE520F7651900106D46 /* example21.cpp */; };
		93E6BAC02A5C274D00D00AA6 /* example8.cpp in Sources */ = {isa = PBXBuildFile; fileRef = 93BEDCF220A34DB1004166EB /* example8.cpp */; };
		93E6BAC12A5C274D00D00AA6 /* example19.cpp in Sources */ = {isa = PBXBuildFile; fileRef = 93F4425020E4C33800CC0B83 /* example19.cpp */; };
		93E6BAC22A5C274D00D00AA6 /* example10.cpp in Sources */ = {isa = PBXBuildFile; fileRef = 93857EEA20BBD8C40088B787 /* example10.cpp */; };
		93E6BAC32A5C274D00D00AA6 /* example14.cpp in Sources */ = {isa = PBXBuildFile; fileRef = 93CD860920CA5D49005D37A7 /* example14.cpp */; };
		93E6BAC42A5C274D00D00AA6 /* example15.cpp in Sources */ = {isa = PBXBuildFile; fileRef = 93CD861920CA85D2005D37A7 /* example15.cpp */; };
		93E6BAC52A5C274D00D00AA6 /* example29.cpp in Sources */ = {isa = PBXBuildFile; fileRef = 93AC264123C5C2CD00752FA5 /* example29.cpp */; };
		93E6BAC62A5C274D00D00AA6 /* example28.cpp in Sources */ = {isa = PBXBuildFile; fileRef = 939AC058232A6ECE00575859 /* example28.cpp */; };
		93E6BAC72A5C274D00D00AA6 /* example24.cpp in Sources */ = {isa = PBXBuildFile; fileRef = 931D3CE72175CAFA00BCD515 /* example24.cpp */; };
		93E6BAC82A5C274D00D00AA6 /* example12.cpp in Sources */ = {isa = PBXBuildFile; fileRef = 93D3B1C620C4481000EEFC49 /* example12.cpp */; };
		93E6BAC92A5C274D00D00AA6 /* example9.cpp in Sources */ = {isa = PBXBuildFile; fileRef = 93BEDCFC20A42306004166EB /* example9.cpp */; };
		93E6BACA2A5C274D00D00AA6 /* example33.cpp in Sources */ = {isa = PBXBuildFile; fileRef = 939B6AFF243C538C0013068E /* example33.cpp */; };
		93EA944B22DDB48D0034663D /* t_case25.cpp in Sources */ = {isa = PBXBuildFile; fileRef = 93EA944A22DDB48D0034663D /* t_case25.cpp */; };
/* End PBXBuildFile section */

/* Begin PBXCopyFilesBuildPhase section */
		937F848021DA2B4800DD82F8 /* CopyFiles */ = {
			isa = PBXCopyFilesBuildPhase;
			buildActionMask = 2147483647;
			dstPath = /usr/share/man/man1/;
			dstSubfolderSpec = 0;
			files = (
			);
			runOnlyForDeploymentPostprocessing = 1;
		};
		93E60D6A20557F7A009151ED /* CopyFiles */ = {
			isa = PBXCopyFilesBuildPhase;
			buildActionMask = 2147483647;
			dstPath = /usr/share/man/man1/;
			dstSubfolderSpec = 0;
			files = (
			);
			runOnlyForDeploymentPostprocessing = 1;
		};
/* End PBXCopyFilesBuildPhase section */

/* Begin PBXFileReference section */
		931A169329003FF70057FA4F /* sb_adapter.h */ = {isa = PBXFileReference; lastKnownFileType = sourcecode.c.h; path = sb_adapter.h; sourceTree = "<group>"; };
		931D3BE0216E218100BCD515 /* sb_stm_builder.h */ = {isa = PBXFileReference; lastKnownFileType = sourcecode.c.h; path = sb_stm_builder.h; sourceTree = "<group>"; };
		931D3CCD2170E38900BCD515 /* example23.h */ = {isa = PBXFileReference; lastKnownFileType = sourcecode.c.h; path = example23.h; sourceTree = "<group>"; };
		931D3CCE2170E3AC00BCD515 /* example23.cpp */ = {isa = PBXFileReference; lastKnownFileType = sourcecode.cpp.cpp; path = example23.cpp; sourceTree = "<group>"; };
		931D3CE62175CA4F00BCD515 /* example24.h */ = {isa = PBXFileReference; lastKnownFileType = sourcecode.c.h; path = example24.h; sourceTree = "<group>"; };
		931D3CE72175CAFA00BCD515 /* example24.cpp */ = {isa = PBXFileReference; lastKnownFileType = sourcecode.cpp.cpp; path = example24.cpp; sourceTree = "<group>"; };
		931E1F0121455031009F9953 /* example22.h */ = {isa = PBXFileReference; lastKnownFileType = sourcecode.c.h; path = example22.h; sourceTree = "<group>"; };
		931E1F0221455043009F9953 /* example22.cpp */ = {isa = PBXFileReference; lastKnownFileType = sourcecode.cpp.cpp; path = example22.cpp; sourceTree = "<group>"; };
		93250FCF28FEE3300097C19C /* sb_bytes_block.h */ = {isa = PBXFileReference; lastKnownFileType = sourcecode.c.h; path = sb_bytes_block.h; sourceTree = "<group>"; };
		9336AA9C2069143200DF00CA /* sb_members_descriptor.h */ = {isa = PBXFileReference; lastKnownFileType = sourcecode.c.h; path = sb_members_descriptor.h; sourceTree = "<group>"; };
		9336AAA0206A25B800DF00CA /* sb_core_misc.h */ = {isa = PBXFileReference; lastKnownFileType = sourcecode.c.h; path = sb_core_misc.h; sourceTree = "<group>"; };
		9336AAA1206A26EA00DF00CA /* sb_class_descriptor.cpp */ = {isa = PBXFileReference; lastKnownFileType = sourcecode.cpp.cpp; path = sb_class_descriptor.cpp; sourceTree = "<group>"; };
		9336AAAA206B692800DF00CA /* sb_foundation.h */ = {isa = PBXFileReference; lastKnownFileType = sourcecode.c.h; path = sb_foundation.h; sourceTree = "<group>"; };
		934A430E220DDE2900FEC1C9 /* libgtest.a */ = {isa = PBXFileReference; lastKnownFileType = archive.ar; name = libgtest.a; path = UnitTests/Lib/MacOS/googletest/lib/libgtest.a; sourceTree = "<group>"; };
		935B07D92559411600CE0605 /* CMakeLists.txt */ = {isa = PBXFileReference; lastKnownFileType = text; path = CMakeLists.txt; sourceTree = "<group>"; };
		936C65C120774AFF0033F0FB /* sb_links.h */ = {isa = PBXFileReference; lastKnownFileType = sourcecode.c.h; path = sb_links.h; sourceTree = "<group>"; };
		937AD9EF2456FFEA00FCC0DF /* example34.h */ = {isa = PBXFileReference; lastKnownFileType = sourcecode.c.h; path = example34.h; sourceTree = "<group>"; };
		937AD9F02457028700FCC0DF /* example34.cpp */ = {isa = PBXFileReference; lastKnownFileType = sourcecode.cpp.cpp; path = example34.cpp; sourceTree = "<group>"; };
		937AD9F324570AC400FCC0DF /* t_case34.cpp */ = {isa = PBXFileReference; lastKnownFileType = sourcecode.cpp.cpp; path = t_case34.cpp; sourceTree = "<group>"; };
		937ADA1B245860D700FCC0DF /* example35.h */ = {isa = PBXFileReference; lastKnownFileType = sourcecode.c.h; path = example35.h; sourceTree = "<group>"; };
		937ADA1C2458636800FCC0DF /* example35.cpp */ = {isa = PBXFileReference; lastKnownFileType = sourcecode.cpp.cpp; path = example35.cpp; sourceTree = "<group>"; };
		937ADA1F2459947600FCC0DF /* t_case35.cpp */ = {isa = PBXFileReference; lastKnownFileType = sourcecode.cpp.cpp; path = t_case35.cpp; sourceTree = "<group>"; };
		937ADA43245B16F100FCC0DF /* example36.h */ = {isa = PBXFileReference; lastKnownFileType = sourcecode.c.h; path = example36.h; sourceTree = "<group>"; };
		937ADA44245B199D00FCC0DF /* example36.cpp */ = {isa = PBXFileReference; lastKnownFileType = sourcecode.cpp.cpp; path = example36.cpp; sourceTree = "<group>"; };
		937ADA6A245B32D000FCC0DF /* t_case36.cpp */ = {isa = PBXFileReference; lastKnownFileType = sourcecode.cpp.cpp; path = t_case36.cpp; sourceTree = "<group>"; };
		937ADD162466FF0E00FCC0DF /* example37.h */ = {isa = PBXFileReference; lastKnownFileType = sourcecode.c.h; path = example37.h; sourceTree = "<group>"; };
		937ADD172467003300FCC0DF /* example37.cpp */ = {isa = PBXFileReference; lastKnownFileType = sourcecode.cpp.cpp; path = example37.cpp; sourceTree = "<group>"; };
		937ADD1A2467014900FCC0DF /* sb_ref_context.h */ = {isa = PBXFileReference; lastKnownFileType = sourcecode.c.h; path = sb_ref_context.h; sourceTree = "<group>"; };
		937ADD1B2467029800FCC0DF /* sb_context_engine.h */ = {isa = PBXFileReference; lastKnownFileType = sourcecode.c.h; path = sb_context_engine.h; sourceTree = "<group>"; };
		937F847821DA2A5200DD82F8 /* LICENSE.md */ = {isa = PBXFileReference; fileEncoding = 4; lastKnownFileType = net.daringfireball.markdown; path = LICENSE.md; sourceTree = SOURCE_ROOT; };
		937F847921DA2A5300DD82F8 /* README.md */ = {isa = PBXFileReference; fileEncoding = 4; lastKnownFileType = net.daringfireball.markdown; path = README.md; sourceTree = SOURCE_ROOT; };
		937F847A21DA2A6300DD82F8 /* CODE_OF_CONDUCT.md */ = {isa = PBXFileReference; fileEncoding = 4; lastKnownFileType = net.daringfireball.markdown; path = CODE_OF_CONDUCT.md; sourceTree = SOURCE_ROOT; };
		937F848221DA2B4800DD82F8 /* Tests */ = {isa = PBXFileReference; explicitFileType = "compiled.mach-o.executable"; includeInIndex = 0; path = Tests; sourceTree = BUILT_PRODUCTS_DIR; };
		937F848421DA2B4800DD82F8 /* main.cpp */ = {isa = PBXFileReference; lastKnownFileType = sourcecode.cpp.cpp; path = main.cpp; sourceTree = "<group>"; };
		937F848B21DA31DE00DD82F8 /* t_db_fixture.h */ = {isa = PBXFileReference; lastKnownFileType = sourcecode.c.h; path = t_db_fixture.h; sourceTree = "<group>"; };
		937F848C21DA328600DD82F8 /* t_kvdb.cpp */ = {isa = PBXFileReference; lastKnownFileType = sourcecode.cpp.cpp; path = t_kvdb.cpp; sourceTree = "<group>"; };
		937F84AB21DA3CC000DD82F8 /* t_case1.cpp */ = {isa = PBXFileReference; lastKnownFileType = sourcecode.cpp.cpp; path = t_case1.cpp; sourceTree = "<group>"; };
		937F84AD21DA3E8400DD82F8 /* t_case2.cpp */ = {isa = PBXFileReference; lastKnownFileType = sourcecode.cpp.cpp; path = t_case2.cpp; sourceTree = "<group>"; };
		937F84AF21DA430D00DD82F8 /* t_case3.cpp */ = {isa = PBXFileReference; lastKnownFileType = sourcecode.cpp.cpp; path = t_case3.cpp; sourceTree = "<group>"; };
		937F84B221DA43C800DD82F8 /* t_case4.cpp */ = {isa = PBXFileReference; lastKnownFileType = sourcecode.cpp.cpp; path = t_case4.cpp; sourceTree = "<group>"; };
		937F84B421DA446E00DD82F8 /* t_case5.cpp */ = {isa = PBXFileReference; lastKnownFileType = sourcecode.cpp.cpp; path = t_case5.cpp; sourceTree = "<group>"; };
		937F84B621DA52D700DD82F8 /* t_case6.cpp */ = {isa = PBXFileReference; lastKnownFileType = sourcecode.cpp.cpp; path = t_case6.cpp; sourceTree = "<group>"; };
		937F84B821DA52E400DD82F8 /* t_case7.cpp */ = {isa = PBXFileReference; lastKnownFileType = sourcecode.cpp.cpp; path = t_case7.cpp; sourceTree = "<group>"; };
		937F84BA21DA52F700DD82F8 /* t_case8.cpp */ = {isa = PBXFileReference; lastKnownFileType = sourcecode.cpp.cpp; path = t_case8.cpp; sourceTree = "<group>"; };
		937F84BC21DA530400DD82F8 /* t_case9.cpp */ = {isa = PBXFileReference; lastKnownFileType = sourcecode.cpp.cpp; path = t_case9.cpp; sourceTree = "<group>"; };
		937F84BE21DA530F00DD82F8 /* t_case10.cpp */ = {isa = PBXFileReference; lastKnownFileType = sourcecode.cpp.cpp; path = t_case10.cpp; sourceTree = "<group>"; };
		937F84C021DA540900DD82F8 /* t_case11.cpp */ = {isa = PBXFileReference; lastKnownFileType = sourcecode.cpp.cpp; path = t_case11.cpp; sourceTree = "<group>"; };
		937F84C221DA541300DD82F8 /* t_case12.cpp */ = {isa = PBXFileReference; lastKnownFileType = sourcecode.cpp.cpp; path = t_case12.cpp; sourceTree = "<group>"; };
		937F84C421DA541F00DD82F8 /* t_case13.cpp */ = {isa = PBXFileReference; lastKnownFileType = sourcecode.cpp.cpp; path = t_case13.cpp; sourceTree = "<group>"; };
		937F84C621DA542A00DD82F8 /* t_case14.cpp */ = {isa = PBXFileReference; lastKnownFileType = sourcecode.cpp.cpp; path = t_case14.cpp; sourceTree = "<group>"; };
		937F84C821DA543700DD82F8 /* t_case15.cpp */ = {isa = PBXFileReference; lastKnownFileType = sourcecode.cpp.cpp; path = t_case15.cpp; sourceTree = "<group>"; };
		937F84CA21DA544200DD82F8 /* t_case16.cpp */ = {isa = PBXFileReference; lastKnownFileType = sourcecode.cpp.cpp; path = t_case16.cpp; sourceTree = "<group>"; };
		937F84CC21DA544D00DD82F8 /* t_case17.cpp */ = {isa = PBXFileReference; lastKnownFileType = sourcecode.cpp.cpp; path = t_case17.cpp; sourceTree = "<group>"; };
		937F84CE21DA545700DD82F8 /* t_case18.cpp */ = {isa = PBXFileReference; lastKnownFileType = sourcecode.cpp.cpp; path = t_case18.cpp; sourceTree = "<group>"; };
		937F84D021DA546200DD82F8 /* t_case19.cpp */ = {isa = PBXFileReference; lastKnownFileType = sourcecode.cpp.cpp; path = t_case19.cpp; sourceTree = "<group>"; };
		937F84D221DA563C00DD82F8 /* t_case20.cpp */ = {isa = PBXFileReference; lastKnownFileType = sourcecode.cpp.cpp; path = t_case20.cpp; sourceTree = "<group>"; };
		937F84D421DA564600DD82F8 /* t_case21.cpp */ = {isa = PBXFileReference; lastKnownFileType = sourcecode.cpp.cpp; path = t_case21.cpp; sourceTree = "<group>"; };
		937F84D621DA565200DD82F8 /* t_case22.cpp */ = {isa = PBXFileReference; lastKnownFileType = sourcecode.cpp.cpp; path = t_case22.cpp; sourceTree = "<group>"; };
		937F84D821DA565D00DD82F8 /* t_case23.cpp */ = {isa = PBXFileReference; lastKnownFileType = sourcecode.cpp.cpp; path = t_case23.cpp; sourceTree = "<group>"; };
		937F84DA21DA566700DD82F8 /* t_case24.cpp */ = {isa = PBXFileReference; lastKnownFileType = sourcecode.cpp.cpp; path = t_case24.cpp; sourceTree = "<group>"; };
		937F84DC21DA5B2500DD82F8 /* Makefile */ = {isa = PBXFileReference; lastKnownFileType = sourcecode.make; path = Makefile; sourceTree = "<group>"; usesTabs = 1; };
		937F854621E615BB00DD82F8 /* t_traits.cpp */ = {isa = PBXFileReference; lastKnownFileType = sourcecode.cpp.cpp; path = t_traits.cpp; sourceTree = "<group>"; };
		9382B54128FC277F0042E124 /* example40.cpp */ = {isa = PBXFileReference; lastKnownFileType = sourcecode.cpp.cpp; path = example40.cpp; sourceTree = "<group>"; };
		9382B54228FC277F0042E124 /* example40.h */ = {isa = PBXFileReference; lastKnownFileType = sourcecode.c.h; path = example40.h; sourceTree = "<group>"; };
		938443A4246C1F0F00671F0D /* t_case37.cpp */ = {isa = PBXFileReference; lastKnownFileType = sourcecode.cpp.cpp; path = t_case37.cpp; sourceTree = "<group>"; };
		938443CA246EC0E100671F0D /* example38.h */ = {isa = PBXFileReference; lastKnownFileType = sourcecode.c.h; path = example38.h; sourceTree = "<group>"; };
		938443CB246EC22A00671F0D /* example38.cpp */ = {isa = PBXFileReference; lastKnownFileType = sourcecode.cpp.cpp; path = example38.cpp; sourceTree = "<group>"; };
		938443CE246EC91B00671F0D /* t_case38.cpp */ = {isa = PBXFileReference; lastKnownFileType = sourcecode.cpp.cpp; path = t_case38.cpp; sourceTree = "<group>"; };
		938443F5246ED0E900671F0D /* example39.h */ = {isa = PBXFileReference; lastKnownFileType = sourcecode.c.h; path = example39.h; sourceTree = "<group>"; };
		938443F6246ED16300671F0D /* example39.cpp */ = {isa = PBXFileReference; lastKnownFileType = sourcecode.cpp.cpp; path = example39.cpp; sourceTree = "<group>"; };
		938443F9246EF3D200671F0D /* t_case39.cpp */ = {isa = PBXFileReference; lastKnownFileType = sourcecode.cpp.cpp; path = t_case39.cpp; sourceTree = "<group>"; };
		93857ED720B463AB0088B787 /* sb_container_descriptor.h */ = {isa = PBXFileReference; lastKnownFileType = sourcecode.c.h; path = sb_container_descriptor.h; sourceTree = "<group>"; };
		93857EE920BBD8C40088B787 /* example10.h */ = {isa = PBXFileReference; fileEncoding = 4; lastKnownFileType = sourcecode.c.h; path = example10.h; sourceTree = "<group>"; };
		93857EEA20BBD8C40088B787 /* example10.cpp */ = {isa = PBXFileReference; fileEncoding = 4; lastKnownFileType = sourcecode.cpp.cpp; path = example10.cpp; sourceTree = "<group>"; };
		93857EFF20BBDB000088B787 /* example11.h */ = {isa = PBXFileReference; fileEncoding = 4; lastKnownFileType = sourcecode.c.h; path = example11.h; sourceTree = "<group>"; };
		93857F0020BBDB000088B787 /* example11.cpp */ = {isa = PBXFileReference; fileEncoding = 4; lastKnownFileType = sourcecode.cpp.cpp; path = example11.cpp; sourceTree = "<group>"; };
		9392E7822922AEBF00AD479B /* example41.cpp */ = {isa = PBXFileReference; lastKnownFileType = sourcecode.cpp.cpp; path = example41.cpp; sourceTree = "<group>"; };
		9392E7832922AEBF00AD479B /* example41.h */ = {isa = PBXFileReference; lastKnownFileType = sourcecode.c.h; path = example41.h; sourceTree = "<group>"; };
		9392E7862923791100AD479B /* t_case41.cpp */ = {isa = PBXFileReference; lastKnownFileType = sourcecode.cpp.cpp; path = t_case41.cpp; sourceTree = "<group>"; };
		9398AE40297AFB22008083F5 /* example42.cpp */ = {isa = PBXFileReference; lastKnownFileType = sourcecode.cpp.cpp; path = example42.cpp; sourceTree = "<group>"; };
		9398AE41297AFB22008083F5 /* example42.h */ = {isa = PBXFileReference; lastKnownFileType = sourcecode.c.h; path = example42.h; sourceTree = "<group>"; };
		939AC057232A6EB500575859 /* example28.h */ = {isa = PBXFileReference; lastKnownFileType = sourcecode.c.h; path = example28.h; sourceTree = "<group>"; };
		939AC058232A6ECE00575859 /* example28.cpp */ = {isa = PBXFileReference; lastKnownFileType = sourcecode.cpp.cpp; path = example28.cpp; sourceTree = "<group>"; };
		939AC076232A7C8700575859 /* t_case28.cpp */ = {isa = PBXFileReference; lastKnownFileType = sourcecode.cpp.cpp; path = t_case28.cpp; sourceTree = "<group>"; };
		939B6997243370980013068E /* example30.h */ = {isa = PBXFileReference; lastKnownFileType = sourcecode.c.h; path = example30.h; sourceTree = "<group>"; };
		939B69C4243383E10013068E /* example30.cpp */ = {isa = PBXFileReference; lastKnownFileType = sourcecode.cpp.cpp; path = example30.cpp; sourceTree = "<group>"; };
		939B6A052434AB880013068E /* t_case30.cpp */ = {isa = PBXFileReference; lastKnownFileType = sourcecode.cpp.cpp; path = t_case30.cpp; sourceTree = "<group>"; };
		939B6A0A2435C5F80013068E /* example31.h */ = {isa = PBXFileReference; lastKnownFileType = sourcecode.c.h; path = example31.h; sourceTree = "<group>"; };
		939B6A0B2435C75A0013068E /* example31.cpp */ = {isa = PBXFileReference; lastKnownFileType = sourcecode.cpp.cpp; path = example31.cpp; sourceTree = "<group>"; };
		939B6A2C2435D7F70013068E /* t_case31.cpp */ = {isa = PBXFileReference; lastKnownFileType = sourcecode.cpp.cpp; path = t_case31.cpp; sourceTree = "<group>"; };
		939B6A2E243626170013068E /* example32.h */ = {isa = PBXFileReference; lastKnownFileType = sourcecode.c.h; path = example32.h; sourceTree = "<group>"; };
		939B6A2F2436288A0013068E /* example32.cpp */ = {isa = PBXFileReference; lastKnownFileType = sourcecode.cpp.cpp; path = example32.cpp; sourceTree = "<group>"; };
		939B6A32243642F40013068E /* t_case32.cpp */ = {isa = PBXFileReference; lastKnownFileType = sourcecode.cpp.cpp; path = t_case32.cpp; sourceTree = "<group>"; };
		939B6AFE243C50340013068E /* example33.h */ = {isa = PBXFileReference; lastKnownFileType = sourcecode.c.h; path = example33.h; sourceTree = "<group>"; };
		939B6AFF243C538C0013068E /* example33.cpp */ = {isa = PBXFileReference; lastKnownFileType = sourcecode.cpp.cpp; path = example33.cpp; sourceTree = "<group>"; };
		939B6B02243C6B0C0013068E /* t_case33.cpp */ = {isa = PBXFileReference; lastKnownFileType = sourcecode.cpp.cpp; path = t_case33.cpp; sourceTree = "<group>"; };
		939B9271251CC2E700026E5D /* CMakeLists.txt */ = {isa = PBXFileReference; explicitFileType = text.script.worksheet; path = CMakeLists.txt; sourceTree = SOURCE_ROOT; };
		939E0AE420F7650200106D46 /* example21.h */ = {isa = PBXFileReference; lastKnownFileType = sourcecode.c.h; path = example21.h; sourceTree = "<group>"; };
		939E0AE520F7651900106D46 /* example21.cpp */ = {isa = PBXFileReference; lastKnownFileType = sourcecode.cpp.cpp; path = example21.cpp; sourceTree = "<group>"; };
		93A1349020D149E90041EE2E /* Makefile */ = {isa = PBXFileReference; fileEncoding = 4; lastKnownFileType = sourcecode.make; path = Makefile; sourceTree = SOURCE_ROOT; usesTabs = 1; };
		93A1349220D249BD0041EE2E /* make_framework */ = {isa = PBXFileReference; explicitFileType = text.script.sh; fileEncoding = 4; path = make_framework; sourceTree = SOURCE_ROOT; };
		93A54A2E22DF444F00AB4C09 /* t_case26.cpp */ = {isa = PBXFileReference; lastKnownFileType = sourcecode.cpp.cpp; path = t_case26.cpp; sourceTree = "<group>"; };
		93A54A3022E1939000AB4C09 /* example27.h */ = {isa = PBXFileReference; lastKnownFileType = sourcecode.c.h; path = example27.h; sourceTree = "<group>"; };
		93A54A3122E1E5DC00AB4C09 /* example27.cpp */ = {isa = PBXFileReference; lastKnownFileType = sourcecode.cpp.cpp; path = example27.cpp; sourceTree = "<group>"; };
		93AB7F5F22CB93AB00D5658C /* t_misc.cpp */ = {isa = PBXFileReference; lastKnownFileType = sourcecode.cpp.cpp; path = t_misc.cpp; sourceTree = "<group>"; };
		93AB7F6122CC809100D5658C /* time_tracker.h */ = {isa = PBXFileReference; lastKnownFileType = sourcecode.c.h; path = time_tracker.h; sourceTree = "<group>"; };
		93AC264023C5BE6F00752FA5 /* example29.h */ = {isa = PBXFileReference; lastKnownFileType = sourcecode.c.h; path = example29.h; sourceTree = "<group>"; };
		93AC264123C5C2CD00752FA5 /* example29.cpp */ = {isa = PBXFileReference; lastKnownFileType = sourcecode.cpp.cpp; path = example29.cpp; sourceTree = "<group>"; };
		93AC267D23C5E79200752FA5 /* t_case29.cpp */ = {isa = PBXFileReference; lastKnownFileType = sourcecode.cpp.cpp; path = t_case29.cpp; sourceTree = "<group>"; };
		93AC267F23C72C0A00752FA5 /* t_case27.cpp */ = {isa = PBXFileReference; lastKnownFileType = sourcecode.cpp.cpp; path = t_case27.cpp; sourceTree = "<group>"; };
		93B071F92058262E008D2FB6 /* sb_adapter_sqlite.h */ = {isa = PBXFileReference; lastKnownFileType = sourcecode.c.h; path = sb_adapter_sqlite.h; sourceTree = "<group>"; };
		93B071FA20582B0E008D2FB6 /* sb_adapter_sqlite.cpp */ = {isa = PBXFileReference; lastKnownFileType = sourcecode.cpp.cpp; path = sb_adapter_sqlite.cpp; sourceTree = "<group>"; };
		93B071FF20590A38008D2FB6 /* sb_context.h */ = {isa = PBXFileReference; lastKnownFileType = sourcecode.c.h; path = sb_context.h; sourceTree = "<group>"; };
		93B07200205916B7008D2FB6 /* sb_data_section.h */ = {isa = PBXFileReference; lastKnownFileType = sourcecode.c.h; path = sb_data_section.h; sourceTree = "<group>"; };
		93B0720120591817008D2FB6 /* sb_data_section_descriptor.h */ = {isa = PBXFileReference; lastKnownFileType = sourcecode.c.h; path = sb_data_section_descriptor.h; sourceTree = "<group>"; };
		93B0720220591999008D2FB6 /* sb_data_section_descriptor.cpp */ = {isa = PBXFileReference; lastKnownFileType = sourcecode.cpp.cpp; path = sb_data_section_descriptor.cpp; sourceTree = "<group>"; };
		93B072042059359C008D2FB6 /* example1.cpp */ = {isa = PBXFileReference; fileEncoding = 4; lastKnownFileType = sourcecode.cpp.cpp; path = example1.cpp; sourceTree = "<group>"; };
		93B072052059359C008D2FB6 /* example1.h */ = {isa = PBXFileReference; fileEncoding = 4; lastKnownFileType = sourcecode.c.h; path = example1.h; sourceTree = "<group>"; };
		93B07207205948DD008D2FB6 /* sb_class_descriptor.h */ = {isa = PBXFileReference; lastKnownFileType = sourcecode.c.h; path = sb_class_descriptor.h; sourceTree = "<group>"; };
		93BEDCB92090DCF4004166EB /* sb_value.h */ = {isa = PBXFileReference; lastKnownFileType = sourcecode.c.h; path = sb_value.h; sourceTree = "<group>"; };
		93BEDCBA209E0B2F004166EB /* example2.h */ = {isa = PBXFileReference; fileEncoding = 4; lastKnownFileType = sourcecode.c.h; path = example2.h; sourceTree = "<group>"; };
		93BEDCBB209E0B2F004166EB /* example2.cpp */ = {isa = PBXFileReference; fileEncoding = 4; lastKnownFileType = sourcecode.cpp.cpp; path = example2.cpp; sourceTree = "<group>"; };
		93BEDCBD209F1402004166EB /* sb_inheritance_descriptor.h */ = {isa = PBXFileReference; lastKnownFileType = sourcecode.c.h; path = sb_inheritance_descriptor.h; sourceTree = "<group>"; };
		93BEDCC220A06CB5004166EB /* example3.h */ = {isa = PBXFileReference; fileEncoding = 4; lastKnownFileType = sourcecode.c.h; path = example3.h; sourceTree = "<group>"; };
		93BEDCC320A06CB5004166EB /* example3.cpp */ = {isa = PBXFileReference; fileEncoding = 4; lastKnownFileType = sourcecode.cpp.cpp; path = example3.cpp; sourceTree = "<group>"; };
		93BEDCC720A0939E004166EB /* example4.cpp */ = {isa = PBXFileReference; fileEncoding = 4; lastKnownFileType = sourcecode.cpp.cpp; path = example4.cpp; sourceTree = "<group>"; };
		93BEDCC820A0939E004166EB /* example4.h */ = {isa = PBXFileReference; fileEncoding = 4; lastKnownFileType = sourcecode.c.h; path = example4.h; sourceTree = "<group>"; };
		93BEDCD320A1A60C004166EB /* example5.cpp */ = {isa = PBXFileReference; fileEncoding = 4; lastKnownFileType = sourcecode.cpp.cpp; path = example5.cpp; sourceTree = "<group>"; };
		93BEDCD420A1A60D004166EB /* example5.h */ = {isa = PBXFileReference; fileEncoding = 4; lastKnownFileType = sourcecode.c.h; path = example5.h; sourceTree = "<group>"; };
		93BEDCD720A2CCAE004166EB /* sb_trivial_members_descriptor.h */ = {isa = PBXFileReference; lastKnownFileType = sourcecode.c.h; path = sb_trivial_members_descriptor.h; sourceTree = "<group>"; };
		93BEDCDD20A3129E004166EB /* example6.cpp */ = {isa = PBXFileReference; fileEncoding = 4; lastKnownFileType = sourcecode.cpp.cpp; path = example6.cpp; sourceTree = "<group>"; };
		93BEDCDE20A3129E004166EB /* example6.h */ = {isa = PBXFileReference; fileEncoding = 4; lastKnownFileType = sourcecode.c.h; path = example6.h; sourceTree = "<group>"; };
		93BEDCE720A32362004166EB /* example7.cpp */ = {isa = PBXFileReference; fileEncoding = 4; lastKnownFileType = sourcecode.cpp.cpp; path = example7.cpp; sourceTree = "<group>"; };
		93BEDCE820A32362004166EB /* example7.h */ = {isa = PBXFileReference; fileEncoding = 4; lastKnownFileType = sourcecode.c.h; path = example7.h; sourceTree = "<group>"; };
		93BEDCF120A34DB1004166EB /* example8.h */ = {isa = PBXFileReference; fileEncoding = 4; lastKnownFileType = sourcecode.c.h; path = example8.h; sourceTree = "<group>"; };
		93BEDCF220A34DB1004166EB /* example8.cpp */ = {isa = PBXFileReference; fileEncoding = 4; lastKnownFileType = sourcecode.cpp.cpp; path = example8.cpp; sourceTree = "<group>"; };
		93BEDCFB20A42306004166EB /* example9.h */ = {isa = PBXFileReference; fileEncoding = 4; lastKnownFileType = sourcecode.c.h; path = example9.h; sourceTree = "<group>"; };
		93BEDCFC20A42306004166EB /* example9.cpp */ = {isa = PBXFileReference; fileEncoding = 4; lastKnownFileType = sourcecode.cpp.cpp; path = example9.cpp; sourceTree = "<group>"; };
		93C9A35024DAC5AE00DF9AE7 /* SQLCppBridge.podspec */ = {isa = PBXFileReference; explicitFileType = text.script.ruby; path = SQLCppBridge.podspec; sourceTree = SOURCE_ROOT; };
		93CD85F920CA5A79005D37A7 /* example13.h */ = {isa = PBXFileReference; fileEncoding = 4; lastKnownFileType = sourcecode.c.h; path = example13.h; sourceTree = "<group>"; };
		93CD85FA20CA5A79005D37A7 /* example13.cpp */ = {isa = PBXFileReference; fileEncoding = 4; lastKnownFileType = sourcecode.cpp.cpp; path = example13.cpp; sourceTree = "<group>"; };
		93CD860820CA5D49005D37A7 /* example14.h */ = {isa = PBXFileReference; fileEncoding = 4; lastKnownFileType = sourcecode.c.h; path = example14.h; sourceTree = "<group>"; };
		93CD860920CA5D49005D37A7 /* example14.cpp */ = {isa = PBXFileReference; fileEncoding = 4; lastKnownFileType = sourcecode.cpp.cpp; path = example14.cpp; sourceTree = "<group>"; };
		93CD861820CA85D2005D37A7 /* example15.h */ = {isa = PBXFileReference; fileEncoding = 4; lastKnownFileType = sourcecode.c.h; path = example15.h; sourceTree = "<group>"; };
		93CD861920CA85D2005D37A7 /* example15.cpp */ = {isa = PBXFileReference; fileEncoding = 4; lastKnownFileType = sourcecode.cpp.cpp; path = example15.cpp; sourceTree = "<group>"; };
		93CD861B20CA8713005D37A7 /* example16.cpp */ = {isa = PBXFileReference; fileEncoding = 4; lastKnownFileType = sourcecode.cpp.cpp; path = example16.cpp; sourceTree = "<group>"; };
		93CD861C20CA8713005D37A7 /* example16.h */ = {isa = PBXFileReference; fileEncoding = 4; lastKnownFileType = sourcecode.c.h; path = example16.h; sourceTree = "<group>"; };
		93CD862D20CA9B9B005D37A7 /* example17.cpp */ = {isa = PBXFileReference; fileEncoding = 4; lastKnownFileType = sourcecode.cpp.cpp; path = example17.cpp; sourceTree = "<group>"; };
		93CD862E20CA9B9B005D37A7 /* example17.h */ = {isa = PBXFileReference; fileEncoding = 4; lastKnownFileType = sourcecode.c.h; path = example17.h; sourceTree = "<group>"; };
		93D3B1C520C4481000EEFC49 /* example12.h */ = {isa = PBXFileReference; fileEncoding = 4; lastKnownFileType = sourcecode.c.h; path = example12.h; sourceTree = "<group>"; };
		93D3B1C620C4481000EEFC49 /* example12.cpp */ = {isa = PBXFileReference; fileEncoding = 4; lastKnownFileType = sourcecode.cpp.cpp; path = example12.cpp; sourceTree = "<group>"; };
		93E1DD1922DBB84800FE4948 /* example25.h */ = {isa = PBXFileReference; lastKnownFileType = sourcecode.c.h; path = example25.h; sourceTree = "<group>"; };
		93E1DD1A22DBC01B00FE4948 /* example25.cpp */ = {isa = PBXFileReference; lastKnownFileType = sourcecode.cpp.cpp; path = example25.cpp; sourceTree = "<group>"; };
		93E60D6C20557F7A009151ED /* SQLCPPBridgeFramework */ = {isa = PBXFileReference; explicitFileType = "compiled.mach-o.executable"; includeInIndex = 0; path = SQLCPPBridgeFramework; sourceTree = BUILT_PRODUCTS_DIR; };
		93E60D7B20558090009151ED /* main.cpp */ = {isa = PBXFileReference; lastKnownFileType = sourcecode.cpp.cpp; path = main.cpp; sourceTree = "<group>"; };
		93E60DB12055816E009151ED /* sqlcppbridge.h */ = {isa = PBXFileReference; lastKnownFileType = sourcecode.c.h; path = sqlcppbridge.h; sourceTree = "<group>"; };
		93E60DB220558320009151ED /* sb_exceptions.h */ = {isa = PBXFileReference; fileEncoding = 4; lastKnownFileType = sourcecode.c.h; path = sb_exceptions.h; sourceTree = "<group>"; };
		93E60DB320558320009151ED /* sb_traits.h */ = {isa = PBXFileReference; fileEncoding = 4; lastKnownFileType = sourcecode.c.h; path = sb_traits.h; sourceTree = "<group>"; };
		93E60DB42055838E009151ED /* sb_core.h */ = {isa = PBXFileReference; fileEncoding = 4; lastKnownFileType = sourcecode.c.h; path = sb_core.h; sourceTree = "<group>"; };
		93E60DB520558658009151ED /* sb_local_storage.h */ = {isa = PBXFileReference; lastKnownFileType = sourcecode.c.h; path = sb_local_storage.h; sourceTree = "<group>"; };
		93E60DB82055895C009151ED /* sb_tasks_queue.h */ = {isa = PBXFileReference; lastKnownFileType = sourcecode.c.h; path = sb_tasks_queue.h; sourceTree = "<group>"; };
		93E60DB9205589C4009151ED /* sb_tasks_queue.cpp */ = {isa = PBXFileReference; lastKnownFileType = sourcecode.cpp.cpp; path = sb_tasks_queue.cpp; sourceTree = "<group>"; };
		93E60DBC20558B41009151ED /* sb_kv_storage.h */ = {isa = PBXFileReference; lastKnownFileType = sourcecode.c.h; path = sb_kv_storage.h; sourceTree = "<group>"; };
		93E60DC020558D16009151ED /* libsqlite3.tbd */ = {isa = PBXFileReference; lastKnownFileType = "sourcecode.text-based-dylib-definition"; name = libsqlite3.tbd; path = usr/lib/libsqlite3.tbd; sourceTree = SDKROOT; };
		93EA944A22DDB48D0034663D /* t_case25.cpp */ = {isa = PBXFileReference; lastKnownFileType = sourcecode.cpp.cpp; path = t_case25.cpp; sourceTree = "<group>"; };
		93EA944C22DDB79B0034663D /* example26.h */ = {isa = PBXFileReference; lastKnownFileType = sourcecode.c.h; path = example26.h; sourceTree = "<group>"; };
		93EA944D22DDB9F90034663D /* example26.cpp */ = {isa = PBXFileReference; lastKnownFileType = sourcecode.cpp.cpp; path = example26.cpp; sourceTree = "<group>"; };
		93F4421520DE25F200CC0B83 /* example18.h */ = {isa = PBXFileReference; lastKnownFileType = sourcecode.c.h; path = example18.h; sourceTree = "<group>"; };
		93F4421620DE260800CC0B83 /* example18.cpp */ = {isa = PBXFileReference; lastKnownFileType = sourcecode.cpp.cpp; path = example18.cpp; sourceTree = "<group>"; };
		93F4424F20E4C20200CC0B83 /* example19.h */ = {isa = PBXFileReference; lastKnownFileType = sourcecode.c.h; path = example19.h; sourceTree = "<group>"; };
		93F4425020E4C33800CC0B83 /* example19.cpp */ = {isa = PBXFileReference; lastKnownFileType = sourcecode.cpp.cpp; path = example19.cpp; sourceTree = "<group>"; };
		93F4427B20EF8FF000CC0B83 /* example20.h */ = {isa = PBXFileReference; lastKnownFileType = sourcecode.c.h; path = example20.h; sourceTree = "<group>"; };
		93F4427C20EF919800CC0B83 /* example20.cpp */ = {isa = PBXFileReference; lastKnownFileType = sourcecode.cpp.cpp; path = example20.cpp; sourceTree = "<group>"; };
/* End PBXFileReference section */

/* Begin PBXFrameworksBuildPhase section */
		937F847F21DA2B4800DD82F8 /* Frameworks */ = {
			isa = PBXFrameworksBuildPhase;
			buildActionMask = 2147483647;
			files = (
				934A430F220DDE2A00FEC1C9 /* libgtest.a in Frameworks */,
				937F849221DA369500DD82F8 /* libsqlite3.tbd in Frameworks */,
			);
			runOnlyForDeploymentPostprocessing = 0;
		};
		93E60D6920557F7A009151ED /* Frameworks */ = {
			isa = PBXFrameworksBuildPhase;
			buildActionMask = 2147483647;
			files = (
				93E60DC120558D16009151ED /* libsqlite3.tbd in Frameworks */,
			);
			runOnlyForDeploymentPostprocessing = 0;
		};
/* End PBXFrameworksBuildPhase section */

/* Begin PBXGroup section */
		935B07D82559411600CE0605 /* sqlite */ = {
			isa = PBXGroup;
			children = (
				935B07D92559411600CE0605 /* CMakeLists.txt */,
			);
			path = sqlite;
			sourceTree = "<group>";
		};
		937F847B21DA2AA100DD82F8 /* UnitTests */ = {
			isa = PBXGroup;
			children = (
				937F847C21DA2AA100DD82F8 /* include */,
				937F847D21DA2AA100DD82F8 /* src */,
				937F84DC21DA5B2500DD82F8 /* Makefile */,
			);
			path = UnitTests;
			sourceTree = "<group>";
		};
		937F847C21DA2AA100DD82F8 /* include */ = {
			isa = PBXGroup;
			children = (
				937F848B21DA31DE00DD82F8 /* t_db_fixture.h */,
			);
			path = include;
			sourceTree = "<group>";
		};
		937F847D21DA2AA100DD82F8 /* src */ = {
			isa = PBXGroup;
			children = (
				937F848421DA2B4800DD82F8 /* main.cpp */,
				93AB7F5F22CB93AB00D5658C /* t_misc.cpp */,
				937F854621E615BB00DD82F8 /* t_traits.cpp */,
				937F848C21DA328600DD82F8 /* t_kvdb.cpp */,
				937F84AB21DA3CC000DD82F8 /* t_case1.cpp */,
				937F84AD21DA3E8400DD82F8 /* t_case2.cpp */,
				937F84AF21DA430D00DD82F8 /* t_case3.cpp */,
				937F84B221DA43C800DD82F8 /* t_case4.cpp */,
				937F84B421DA446E00DD82F8 /* t_case5.cpp */,
				937F84B621DA52D700DD82F8 /* t_case6.cpp */,
				937F84B821DA52E400DD82F8 /* t_case7.cpp */,
				937F84BA21DA52F700DD82F8 /* t_case8.cpp */,
				937F84BC21DA530400DD82F8 /* t_case9.cpp */,
				937F84BE21DA530F00DD82F8 /* t_case10.cpp */,
				937F84C021DA540900DD82F8 /* t_case11.cpp */,
				937F84C221DA541300DD82F8 /* t_case12.cpp */,
				937F84C421DA541F00DD82F8 /* t_case13.cpp */,
				937F84C621DA542A00DD82F8 /* t_case14.cpp */,
				937F84C821DA543700DD82F8 /* t_case15.cpp */,
				937F84CA21DA544200DD82F8 /* t_case16.cpp */,
				937F84CC21DA544D00DD82F8 /* t_case17.cpp */,
				937F84CE21DA545700DD82F8 /* t_case18.cpp */,
				937F84D021DA546200DD82F8 /* t_case19.cpp */,
				937F84D221DA563C00DD82F8 /* t_case20.cpp */,
				937F84D421DA564600DD82F8 /* t_case21.cpp */,
				937F84D621DA565200DD82F8 /* t_case22.cpp */,
				937F84D821DA565D00DD82F8 /* t_case23.cpp */,
				937F84DA21DA566700DD82F8 /* t_case24.cpp */,
				93EA944A22DDB48D0034663D /* t_case25.cpp */,
				93A54A2E22DF444F00AB4C09 /* t_case26.cpp */,
				93AC267F23C72C0A00752FA5 /* t_case27.cpp */,
				939AC076232A7C8700575859 /* t_case28.cpp */,
				93AC267D23C5E79200752FA5 /* t_case29.cpp */,
				939B6A052434AB880013068E /* t_case30.cpp */,
				939B6A2C2435D7F70013068E /* t_case31.cpp */,
				939B6A32243642F40013068E /* t_case32.cpp */,
				939B6B02243C6B0C0013068E /* t_case33.cpp */,
				937AD9F324570AC400FCC0DF /* t_case34.cpp */,
				937ADA1F2459947600FCC0DF /* t_case35.cpp */,
				937ADA6A245B32D000FCC0DF /* t_case36.cpp */,
				938443A4246C1F0F00671F0D /* t_case37.cpp */,
				938443CE246EC91B00671F0D /* t_case38.cpp */,
				938443F9246EF3D200671F0D /* t_case39.cpp */,
				9392E7862923791100AD479B /* t_case41.cpp */,
			);
			path = src;
			sourceTree = "<group>";
		};
		939B926F251CC2D300026E5D /* CMake */ = {
			isa = PBXGroup;
			children = (
				939B9271251CC2E700026E5D /* CMakeLists.txt */,
			);
			name = CMake;
			sourceTree = "<group>";
		};
		93E60D6320557F7A009151ED = {
			isa = PBXGroup;
			children = (
				93E60D7620557FC7009151ED /* SQLBridge */,
				93E60D7720557FE1009151ED /* Cases */,
				93E60D7820557FFB009151ED /* Support */,
				937F847B21DA2AA100DD82F8 /* UnitTests */,
				93E60D6D20557F7A009151ED /* Products */,
				93E60DBF20558D16009151ED /* Frameworks */,
			);
			sourceTree = "<group>";
		};
		93E60D6D20557F7A009151ED /* Products */ = {
			isa = PBXGroup;
			children = (
				93E60D6C20557F7A009151ED /* SQLCPPBridgeFramework */,
				937F848221DA2B4800DD82F8 /* Tests */,
			);
			name = Products;
			sourceTree = "<group>";
		};
		93E60D7620557FC7009151ED /* SQLBridge */ = {
			isa = PBXGroup;
			children = (
				93E60D7920558048009151ED /* include */,
				93E60D7A20558052009151ED /* src */,
			);
			path = SQLBridge;
			sourceTree = "<group>";
		};
		93E60D7720557FE1009151ED /* Cases */ = {
			isa = PBXGroup;
			children = (
				93B072042059359C008D2FB6 /* example1.cpp */,
				93B072052059359C008D2FB6 /* example1.h */,
				93BEDCBB209E0B2F004166EB /* example2.cpp */,
				93BEDCBA209E0B2F004166EB /* example2.h */,
				93BEDCC320A06CB5004166EB /* example3.cpp */,
				93BEDCC220A06CB5004166EB /* example3.h */,
				93BEDCC720A0939E004166EB /* example4.cpp */,
				93BEDCC820A0939E004166EB /* example4.h */,
				93BEDCD320A1A60C004166EB /* example5.cpp */,
				93BEDCD420A1A60D004166EB /* example5.h */,
				93BEDCDD20A3129E004166EB /* example6.cpp */,
				93BEDCDE20A3129E004166EB /* example6.h */,
				93BEDCE720A32362004166EB /* example7.cpp */,
				93BEDCE820A32362004166EB /* example7.h */,
				93BEDCF220A34DB1004166EB /* example8.cpp */,
				93BEDCF120A34DB1004166EB /* example8.h */,
				93BEDCFC20A42306004166EB /* example9.cpp */,
				93BEDCFB20A42306004166EB /* example9.h */,
				93857EEA20BBD8C40088B787 /* example10.cpp */,
				93857EE920BBD8C40088B787 /* example10.h */,
				93857F0020BBDB000088B787 /* example11.cpp */,
				93857EFF20BBDB000088B787 /* example11.h */,
				93D3B1C620C4481000EEFC49 /* example12.cpp */,
				93D3B1C520C4481000EEFC49 /* example12.h */,
				93CD85FA20CA5A79005D37A7 /* example13.cpp */,
				93CD85F920CA5A79005D37A7 /* example13.h */,
				93CD860920CA5D49005D37A7 /* example14.cpp */,
				93CD860820CA5D49005D37A7 /* example14.h */,
				93CD861920CA85D2005D37A7 /* example15.cpp */,
				93CD861820CA85D2005D37A7 /* example15.h */,
				93CD861B20CA8713005D37A7 /* example16.cpp */,
				93CD861C20CA8713005D37A7 /* example16.h */,
				93CD862D20CA9B9B005D37A7 /* example17.cpp */,
				93CD862E20CA9B9B005D37A7 /* example17.h */,
				93F4421620DE260800CC0B83 /* example18.cpp */,
				93F4421520DE25F200CC0B83 /* example18.h */,
				93F4425020E4C33800CC0B83 /* example19.cpp */,
				93F4424F20E4C20200CC0B83 /* example19.h */,
				93F4427C20EF919800CC0B83 /* example20.cpp */,
				93F4427B20EF8FF000CC0B83 /* example20.h */,
				939E0AE520F7651900106D46 /* example21.cpp */,
				939E0AE420F7650200106D46 /* example21.h */,
				931E1F0221455043009F9953 /* example22.cpp */,
				931E1F0121455031009F9953 /* example22.h */,
				931D3CCE2170E3AC00BCD515 /* example23.cpp */,
				931D3CCD2170E38900BCD515 /* example23.h */,
				931D3CE72175CAFA00BCD515 /* example24.cpp */,
				931D3CE62175CA4F00BCD515 /* example24.h */,
				93E1DD1A22DBC01B00FE4948 /* example25.cpp */,
				93E1DD1922DBB84800FE4948 /* example25.h */,
				93EA944D22DDB9F90034663D /* example26.cpp */,
				93EA944C22DDB79B0034663D /* example26.h */,
				93A54A3122E1E5DC00AB4C09 /* example27.cpp */,
				93A54A3022E1939000AB4C09 /* example27.h */,
				939AC058232A6ECE00575859 /* example28.cpp */,
				939AC057232A6EB500575859 /* example28.h */,
				93AC264123C5C2CD00752FA5 /* example29.cpp */,
				93AC264023C5BE6F00752FA5 /* example29.h */,
				939B69C4243383E10013068E /* example30.cpp */,
				939B6997243370980013068E /* example30.h */,
				939B6A0B2435C75A0013068E /* example31.cpp */,
				939B6A0A2435C5F80013068E /* example31.h */,
				939B6A2F2436288A0013068E /* example32.cpp */,
				939B6A2E243626170013068E /* example32.h */,
				939B6AFF243C538C0013068E /* example33.cpp */,
				939B6AFE243C50340013068E /* example33.h */,
				937AD9F02457028700FCC0DF /* example34.cpp */,
				937AD9EF2456FFEA00FCC0DF /* example34.h */,
				937ADA1C2458636800FCC0DF /* example35.cpp */,
				937ADA1B245860D700FCC0DF /* example35.h */,
				937ADA44245B199D00FCC0DF /* example36.cpp */,
				937ADA43245B16F100FCC0DF /* example36.h */,
				937ADD172467003300FCC0DF /* example37.cpp */,
				937ADD162466FF0E00FCC0DF /* example37.h */,
				938443CB246EC22A00671F0D /* example38.cpp */,
				938443CA246EC0E100671F0D /* example38.h */,
				938443F6246ED16300671F0D /* example39.cpp */,
				938443F5246ED0E900671F0D /* example39.h */,
				9382B54128FC277F0042E124 /* example40.cpp */,
				9382B54228FC277F0042E124 /* example40.h */,
				9392E7822922AEBF00AD479B /* example41.cpp */,
				9392E7832922AEBF00AD479B /* example41.h */,
				9398AE40297AFB22008083F5 /* example42.cpp */,
				9398AE41297AFB22008083F5 /* example42.h */,
			);
			path = Cases;
			sourceTree = "<group>";
		};
		93E60D7820557FFB009151ED /* Support */ = {
			isa = PBXGroup;
			children = (
				935B07D82559411600CE0605 /* sqlite */,
				939B926F251CC2D300026E5D /* CMake */,
				93C9A35024DAC5AE00DF9AE7 /* SQLCppBridge.podspec */,
				937F847A21DA2A6300DD82F8 /* CODE_OF_CONDUCT.md */,
				937F847821DA2A5200DD82F8 /* LICENSE.md */,
				937F847921DA2A5300DD82F8 /* README.md */,
				93A1349220D249BD0041EE2E /* make_framework */,
				93A1349020D149E90041EE2E /* Makefile */,
				93E60D7B20558090009151ED /* main.cpp */,
				93AB7F6122CC809100D5658C /* time_tracker.h */,
			);
			path = Support;
			sourceTree = "<group>";
		};
		93E60D7920558048009151ED /* include */ = {
			isa = PBXGroup;
			children = (
				93EF07882AE1573E00F52890 /* sqlcppbridge */,
			);
			path = include;
			sourceTree = "<group>";
		};
		93E60D7A20558052009151ED /* src */ = {
			isa = PBXGroup;
			children = (
				93B071FA20582B0E008D2FB6 /* sb_adapter_sqlite.cpp */,
				93E60DB9205589C4009151ED /* sb_tasks_queue.cpp */,
				93B0720220591999008D2FB6 /* sb_data_section_descriptor.cpp */,
				9336AAA1206A26EA00DF00CA /* sb_class_descriptor.cpp */,
			);
			path = src;
			sourceTree = "<group>";
		};
		93E60DBF20558D16009151ED /* Frameworks */ = {
			isa = PBXGroup;
			children = (
				934A430E220DDE2900FEC1C9 /* libgtest.a */,
				93E60DC020558D16009151ED /* libsqlite3.tbd */,
			);
			name = Frameworks;
			sourceTree = "<group>";
		};
		93EF07882AE1573E00F52890 /* sqlcppbridge */ = {
			isa = PBXGroup;
			children = (
				931A169329003FF70057FA4F /* sb_adapter.h */,
				93B071F92058262E008D2FB6 /* sb_adapter_sqlite.h */,
				93250FCF28FEE3300097C19C /* sb_bytes_block.h */,
				93B07207205948DD008D2FB6 /* sb_class_descriptor.h */,
				93857ED720B463AB0088B787 /* sb_container_descriptor.h */,
				937ADD1B2467029800FCC0DF /* sb_context_engine.h */,
				93B071FF20590A38008D2FB6 /* sb_context.h */,
				9336AAA0206A25B800DF00CA /* sb_core_misc.h */,
				93E60DB42055838E009151ED /* sb_core.h */,
				93B0720120591817008D2FB6 /* sb_data_section_descriptor.h */,
				93B07200205916B7008D2FB6 /* sb_data_section.h */,
				93E60DB220558320009151ED /* sb_exceptions.h */,
				9336AAAA206B692800DF00CA /* sb_foundation.h */,
				93BEDCBD209F1402004166EB /* sb_inheritance_descriptor.h */,
				93E60DBC20558B41009151ED /* sb_kv_storage.h */,
				936C65C120774AFF0033F0FB /* sb_links.h */,
				93E60DB520558658009151ED /* sb_local_storage.h */,
				9336AA9C2069143200DF00CA /* sb_members_descriptor.h */,
				937ADD1A2467014900FCC0DF /* sb_ref_context.h */,
				931D3BE0216E218100BCD515 /* sb_stm_builder.h */,
				93E60DB82055895C009151ED /* sb_tasks_queue.h */,
				93E60DB320558320009151ED /* sb_traits.h */,
				93BEDCD720A2CCAE004166EB /* sb_trivial_members_descriptor.h */,
				93BEDCB92090DCF4004166EB /* sb_value.h */,
				93E60DB12055816E009151ED /* sqlcppbridge.h */,
			);
			path = sqlcppbridge;
			sourceTree = "<group>";
		};
/* End PBXGroup section */

/* Begin PBXNativeTarget section */
		937F848121DA2B4800DD82F8 /* Tests */ = {
			isa = PBXNativeTarget;
			buildConfigurationList = 937F848621DA2B4800DD82F8 /* Build configuration list for PBXNativeTarget "Tests" */;
			buildPhases = (
				937F847E21DA2B4800DD82F8 /* Sources */,
				937F847F21DA2B4800DD82F8 /* Frameworks */,
				937F848021DA2B4800DD82F8 /* CopyFiles */,
			);
			buildRules = (
			);
			dependencies = (
			);
			name = Tests;
			productName = Tests;
			productReference = 937F848221DA2B4800DD82F8 /* Tests */;
			productType = "com.apple.product-type.tool";
		};
		93E60D6B20557F7A009151ED /* SQLCPPBridgeFramework */ = {
			isa = PBXNativeTarget;
			buildConfigurationList = 93E60D7320557F7A009151ED /* Build configuration list for PBXNativeTarget "SQLCPPBridgeFramework" */;
			buildPhases = (
				93E60D6820557F7A009151ED /* Sources */,
				93E60D6920557F7A009151ED /* Frameworks */,
				93E60D6A20557F7A009151ED /* CopyFiles */,
			);
			buildRules = (
			);
			dependencies = (
			);
			name = SQLCPPBridgeFramework;
			productName = SQLCPPBridgeFramework;
			productReference = 93E60D6C20557F7A009151ED /* SQLCPPBridgeFramework */;
			productType = "com.apple.product-type.tool";
		};
/* End PBXNativeTarget section */

/* Begin PBXProject section */
		93E60D6420557F7A009151ED /* Project object */ = {
			isa = PBXProject;
			attributes = {
				BuildIndependentTargetsInParallel = YES;
				LastUpgradeCheck = 1500;
				ORGANIZATIONNAME = DataArt;
				TargetAttributes = {
					937F848121DA2B4800DD82F8 = {
						CreatedOnToolsVersion = 10.1;
						ProvisioningStyle = Manual;
					};
					93E60D6B20557F7A009151ED = {
						CreatedOnToolsVersion = 9.2;
						ProvisioningStyle = Manual;
					};
				};
			};
			buildConfigurationList = 93E60D6720557F7A009151ED /* Build configuration list for PBXProject "SQLCPPBridgeFramework" */;
			compatibilityVersion = "Xcode 8.0";
			developmentRegion = en;
			hasScannedForEncodings = 0;
			knownRegions = (
				en,
				Base,
			);
			mainGroup = 93E60D6320557F7A009151ED;
			productRefGroup = 93E60D6D20557F7A009151ED /* Products */;
			projectDirPath = "";
			projectRoot = "";
			targets = (
				93E60D6B20557F7A009151ED /* SQLCPPBridgeFramework */,
				937F848121DA2B4800DD82F8 /* Tests */,
			);
		};
/* End PBXProject section */

/* Begin PBXSourcesBuildPhase section */
		937F847E21DA2B4800DD82F8 /* Sources */ = {
			isa = PBXSourcesBuildPhase;
			buildActionMask = 2147483647;
			files = (
				93718CB0227C589E00E22497 /* t_case16.cpp in Sources */,
				937ADA1E2458636800FCC0DF /* example35.cpp in Sources */,
				939AC077232A7C8700575859 /* t_case28.cpp in Sources */,
				939B6A2D2435D7F70013068E /* t_case31.cpp in Sources */,
				938443A5246C1F0F00671F0D /* t_case37.cpp in Sources */,
				939B69E62434725B0013068E /* example5.cpp in Sources */,
				93718CB7227C589E00E22497 /* t_case23.cpp in Sources */,
				939B69DF2433858E0013068E /* example25.cpp in Sources */,
				939B69DD2433858E0013068E /* example23.cpp in Sources */,
				93718CB3227C589E00E22497 /* t_case19.cpp in Sources */,
				937F848521DA2B4800DD82F8 /* main.cpp in Sources */,
				93AC267E23C5E79200752FA5 /* t_case29.cpp in Sources */,
				939B6B03243C6B0C0013068E /* t_case33.cpp in Sources */,
				93718CB1227C589E00E22497 /* t_case17.cpp in Sources */,
				939B69CE2433858E0013068E /* example8.cpp in Sources */,
				93718CB8227C589E00E22497 /* t_case24.cpp in Sources */,
				939B69C72433858E0013068E /* example1.cpp in Sources */,
				939B69C92433858E0013068E /* example3.cpp in Sources */,
				939B69D42433858E0013068E /* example14.cpp in Sources */,
				939B69E12433858E0013068E /* example27.cpp in Sources */,
				93718CAA227C589E00E22497 /* t_case10.cpp in Sources */,
				939B69CF2433858E0013068E /* example9.cpp in Sources */,
				939B69D62433858E0013068E /* example16.cpp in Sources */,
				939B6A042434AB580013068E /* example30.cpp in Sources */,
				939B69E02433858E0013068E /* example26.cpp in Sources */,
				939B69C82433858E0013068E /* example2.cpp in Sources */,
				93718CAF227C589E00E22497 /* t_case15.cpp in Sources */,
				9382B54428FC277F0042E124 /* example40.cpp in Sources */,
				93EA944B22DDB48D0034663D /* t_case25.cpp in Sources */,
				939B6A0D2435C75A0013068E /* example31.cpp in Sources */,
				93AC268023C72C0A00752FA5 /* t_case27.cpp in Sources */,
				937F848F21DA367500DD82F8 /* sb_tasks_queue.cpp in Sources */,
				937F849021DA367500DD82F8 /* sb_data_section_descriptor.cpp in Sources */,
				939B69CC2433858E0013068E /* example6.cpp in Sources */,
				93718CA0227C589E00E22497 /* t_kvdb.cpp in Sources */,
				937F849121DA367500DD82F8 /* sb_class_descriptor.cpp in Sources */,
				939B69E22433858E0013068E /* example28.cpp in Sources */,
				939B6A062434AB880013068E /* t_case30.cpp in Sources */,
				939B69E52434724F0013068E /* t_case5.cpp in Sources */,
				937ADA6B245B32D000FCC0DF /* t_case36.cpp in Sources */,
				93AB7F6022CB93AB00D5658C /* t_misc.cpp in Sources */,
				93718CA9227C589E00E22497 /* t_case9.cpp in Sources */,
				93718CA4227C589E00E22497 /* t_case4.cpp in Sources */,
				939B69D32433858E0013068E /* example13.cpp in Sources */,
				939B6A342436430C0013068E /* example32.cpp in Sources */,
				939B69DA2433858E0013068E /* example20.cpp in Sources */,
				939B69D02433858E0013068E /* example10.cpp in Sources */,
				937AD9F424570AC400FCC0DF /* t_case34.cpp in Sources */,
				93718CA8227C589E00E22497 /* t_case8.cpp in Sources */,
				939B69D52433858E0013068E /* example15.cpp in Sources */,
				939B69CD2433858E0013068E /* example7.cpp in Sources */,
				93718CB4227C589E00E22497 /* t_case20.cpp in Sources */,
				93718CAC227C589E00E22497 /* t_case12.cpp in Sources */,
				93718CAB227C589E00E22497 /* t_case11.cpp in Sources */,
				93718CAD227C589E00E22497 /* t_case13.cpp in Sources */,
				9392E7852922AEBF00AD479B /* example41.cpp in Sources */,
				937ADA202459947600FCC0DF /* t_case35.cpp in Sources */,
				937F848E21DA367500DD82F8 /* sb_adapter_sqlite.cpp in Sources */,
				939B69D72433858E0013068E /* example17.cpp in Sources */,
				939B69DE2433858E0013068E /* example24.cpp in Sources */,
				937F854721E615BB00DD82F8 /* t_traits.cpp in Sources */,
				93718CA1227C589E00E22497 /* t_case1.cpp in Sources */,
				93718CAE227C589E00E22497 /* t_case14.cpp in Sources */,
				93718CB2227C589E00E22497 /* t_case18.cpp in Sources */,
				939B69D22433858E0013068E /* example12.cpp in Sources */,
				93718CA6227C589E00E22497 /* t_case6.cpp in Sources */,
				937ADD192467003300FCC0DF /* example37.cpp in Sources */,
				939B69CA2433858E0013068E /* example4.cpp in Sources */,
				937AD9F22457028700FCC0DF /* example34.cpp in Sources */,
				939B69D92433858E0013068E /* example19.cpp in Sources */,
				93A54A2F22DF444F00AB4C09 /* t_case26.cpp in Sources */,
				939B69E32433858E0013068E /* example29.cpp in Sources */,
				938443CD246EC22A00671F0D /* example38.cpp in Sources */,
				939B6B01243C538D0013068E /* example33.cpp in Sources */,
				939B6A33243642F40013068E /* t_case32.cpp in Sources */,
				93718CA3227C589E00E22497 /* t_case3.cpp in Sources */,
				938443FA246EF3D200671F0D /* t_case39.cpp in Sources */,
				939B69D12433858E0013068E /* example11.cpp in Sources */,
				938443F8246ED16300671F0D /* example39.cpp in Sources */,
				939B69DB2433858E0013068E /* example21.cpp in Sources */,
				939B69DC2433858E0013068E /* example22.cpp in Sources */,
				939B69D82433858E0013068E /* example18.cpp in Sources */,
				93718CA7227C589E00E22497 /* t_case7.cpp in Sources */,
				938443CF246EC91B00671F0D /* t_case38.cpp in Sources */,
				93718CA2227C589E00E22497 /* t_case2.cpp in Sources */,
				93718CB6227C589E00E22497 /* t_case22.cpp in Sources */,
				937ADA46245B199D00FCC0DF /* example36.cpp in Sources */,
				9392E7872923791100AD479B /* t_case41.cpp in Sources */,
				93718CB5227C589E00E22497 /* t_case21.cpp in Sources */,
			);
			runOnlyForDeploymentPostprocessing = 0;
		};
		93E60D6820557F7A009151ED /* Sources */ = {
			isa = PBXSourcesBuildPhase;
			buildActionMask = 2147483647;
			files = (
				93E6BAC62A5C274D00D00AA6 /* example28.cpp in Sources */,
				93E6BAA52A5C26D900D00AA6 /* example39.cpp in Sources */,
				93E6BAB32A5C274D00D00AA6 /* example31.cpp in Sources */,
				93E6BAA22A5C26CD00D00AA6 /* example36.cpp in Sources */,
				93E6BAC22A5C274D00D00AA6 /* example10.cpp in Sources */,
				93E6BABA2A5C274D00D00AA6 /* example25.cpp in Sources */,
				93E6BAB62A5C274D00D00AA6 /* example16.cpp in Sources */,
				93E6BAB22A5C274D00D00AA6 /* example5.cpp in Sources */,
				93E6BACA2A5C274D00D00AA6 /* example33.cpp in Sources */,
				93E6BAAD2A5C274D00D00AA6 /* example34.cpp in Sources */,
				93E6BAC42A5C274D00D00AA6 /* example15.cpp in Sources */,
				93E6BAA82A5C272100D00AA6 /* example1.cpp in Sources */,
				93E6BAAB2A5C274D00D00AA6 /* example30.cpp in Sources */,
				93E6BAB82A5C274D00D00AA6 /* example20.cpp in Sources */,
				93E6BAC12A5C274D00D00AA6 /* example19.cpp in Sources */,
				93E6BABE2A5C274D00D00AA6 /* example13.cpp in Sources */,
				93E6BAA72A5C26E200D00AA6 /* example41.cpp in Sources */,
				93E6BAB72A5C274D00D00AA6 /* example17.cpp in Sources */,
				93E6BAB42A5C274D00D00AA6 /* example7.cpp in Sources */,
				93E6BAAA2A5C272700D00AA6 /* example3.cpp in Sources */,
				93E60DBB205589C4009151ED /* sb_tasks_queue.cpp in Sources */,
				93E6BABC2A5C274D00D00AA6 /* example23.cpp in Sources */,
				93E6BAC02A5C274D00D00AA6 /* example8.cpp in Sources */,
				93E6BAA42A5C26D500D00AA6 /* example38.cpp in Sources */,
				93B071FB20582B0E008D2FB6 /* sb_adapter_sqlite.cpp in Sources */,
				93E6BAA62A5C26DF00D00AA6 /* example40.cpp in Sources */,
				93E6BAC82A5C274D00D00AA6 /* example12.cpp in Sources */,
				93E6BAC92A5C274D00D00AA6 /* example9.cpp in Sources */,
				93E6BAA32A5C26D100D00AA6 /* example37.cpp in Sources */,
				93E6BAC32A5C274D00D00AA6 /* example14.cpp in Sources */,
				93E6BABF2A5C274D00D00AA6 /* example21.cpp in Sources */,
				93E6BAAE2A5C274D00D00AA6 /* example35.cpp in Sources */,
				93E6BAA92A5C272400D00AA6 /* example2.cpp in Sources */,
				93E6BAB12A5C274D00D00AA6 /* example4.cpp in Sources */,
				93BEDCF020A34894004166EB /* main.cpp in Sources */,
				93B0720320591999008D2FB6 /* sb_data_section_descriptor.cpp in Sources */,
				93E6BAAC2A5C274D00D00AA6 /* example22.cpp in Sources */,
				93E6BAC72A5C274D00D00AA6 /* example24.cpp in Sources */,
				93E6BAB52A5C274D00D00AA6 /* example11.cpp in Sources */,
				9336AAA2206A26EA00DF00CA /* sb_class_descriptor.cpp in Sources */,
				93E6BAB92A5C274D00D00AA6 /* example18.cpp in Sources */,
				93E6BAAF2A5C274D00D00AA6 /* example6.cpp in Sources */,
				93E6BAC52A5C274D00D00AA6 /* example29.cpp in Sources */,
				93E6BABD2A5C274D00D00AA6 /* example32.cpp in Sources */,
				93E6BAB02A5C274D00D00AA6 /* example27.cpp in Sources */,
				93E6BABB2A5C274D00D00AA6 /* example26.cpp in Sources */,
			);
			runOnlyForDeploymentPostprocessing = 0;
		};
/* End PBXSourcesBuildPhase section */

/* Begin XCBuildConfiguration section */
		937F848721DA2B4800DD82F8 /* Debug */ = {
			isa = XCBuildConfiguration;
			buildSettings = {
				CLANG_ENABLE_OBJC_WEAK = YES;
				CODE_SIGN_IDENTITY = "-";
				CODE_SIGN_STYLE = Manual;
				DEAD_CODE_STRIPPING = YES;
				DEVELOPMENT_TEAM = "";
				HEADER_SEARCH_PATHS = (
					"$(inherited)",
					"$(PROJECT_DIR)/UnitTests/Lib/MacOS/googletest/include",
				);
				LIBRARY_SEARCH_PATHS = (
					"$(inherited)",
					"$(PROJECT_DIR)/UnitTests/Lib/MacOS/googletest/lib",
				);
				MTL_ENABLE_DEBUG_INFO = INCLUDE_SOURCE;
				MTL_FAST_MATH = YES;
				PRODUCT_NAME = "$(TARGET_NAME)";
				PROVISIONING_PROFILE_SPECIFIER = "";
			};
			name = Debug;
		};
		937F848821DA2B4800DD82F8 /* Release */ = {
			isa = XCBuildConfiguration;
			buildSettings = {
				CLANG_ENABLE_OBJC_WEAK = YES;
				CODE_SIGN_IDENTITY = "-";
				CODE_SIGN_STYLE = Manual;
				DEAD_CODE_STRIPPING = YES;
				DEVELOPMENT_TEAM = "";
				HEADER_SEARCH_PATHS = (
					"$(inherited)",
					"$(PROJECT_DIR)/UnitTests/Lib/MacOS/googletest/include",
				);
				LIBRARY_SEARCH_PATHS = (
					"$(inherited)",
					"$(PROJECT_DIR)/UnitTests/Lib/MacOS/googletest/lib",
				);
				MTL_FAST_MATH = YES;
				PRODUCT_NAME = "$(TARGET_NAME)";
				PROVISIONING_PROFILE_SPECIFIER = "";
			};
			name = Release;
		};
		93E60D7120557F7A009151ED /* Debug */ = {
			isa = XCBuildConfiguration;
			buildSettings = {
				ALWAYS_SEARCH_USER_PATHS = NO;
				CLANG_ANALYZER_NONNULL = YES;
				CLANG_ANALYZER_NUMBER_OBJECT_CONVERSION = YES_AGGRESSIVE;
				CLANG_CXX_LANGUAGE_STANDARD = "c++14";
				CLANG_ENABLE_MODULES = YES;
				CLANG_ENABLE_OBJC_ARC = YES;
				CLANG_WARN_BLOCK_CAPTURE_AUTORELEASING = YES;
				CLANG_WARN_BOOL_CONVERSION = YES;
				CLANG_WARN_COMMA = YES;
				CLANG_WARN_CONSTANT_CONVERSION = YES;
				CLANG_WARN_DEPRECATED_OBJC_IMPLEMENTATIONS = YES;
				CLANG_WARN_DIRECT_OBJC_ISA_USAGE = YES_ERROR;
				CLANG_WARN_DOCUMENTATION_COMMENTS = YES;
				CLANG_WARN_EMPTY_BODY = YES;
				CLANG_WARN_ENUM_CONVERSION = YES;
				CLANG_WARN_INFINITE_RECURSION = YES;
				CLANG_WARN_INT_CONVERSION = YES;
				CLANG_WARN_NON_LITERAL_NULL_CONVERSION = YES;
				CLANG_WARN_OBJC_IMPLICIT_RETAIN_SELF = YES;
				CLANG_WARN_OBJC_LITERAL_CONVERSION = YES;
				CLANG_WARN_OBJC_ROOT_CLASS = YES_ERROR;
				CLANG_WARN_QUOTED_INCLUDE_IN_FRAMEWORK_HEADER = YES;
				CLANG_WARN_RANGE_LOOP_ANALYSIS = YES;
				CLANG_WARN_STRICT_PROTOTYPES = YES;
				CLANG_WARN_SUSPICIOUS_MOVE = YES;
				CLANG_WARN_UNGUARDED_AVAILABILITY = YES_AGGRESSIVE;
				CLANG_WARN_UNREACHABLE_CODE = YES;
				CLANG_WARN__DUPLICATE_METHOD_MATCH = YES;
				CODE_SIGN_IDENTITY = "-";
				COPY_PHASE_STRIP = NO;
				DEAD_CODE_STRIPPING = YES;
				DEBUG_INFORMATION_FORMAT = dwarf;
				ENABLE_STRICT_OBJC_MSGSEND = YES;
				ENABLE_TESTABILITY = YES;
				GCC_DYNAMIC_NO_PIC = NO;
				GCC_NO_COMMON_BLOCKS = YES;
				GCC_OPTIMIZATION_LEVEL = 0;
				GCC_PREPROCESSOR_DEFINITIONS = (
					"DEBUG=1",
					"$(inherited)",
				);
				GCC_WARN_64_TO_32_BIT_CONVERSION = YES;
				GCC_WARN_ABOUT_RETURN_TYPE = YES_ERROR;
				GCC_WARN_UNDECLARED_SELECTOR = YES;
				GCC_WARN_UNINITIALIZED_AUTOS = YES_AGGRESSIVE;
				GCC_WARN_UNUSED_FUNCTION = YES;
				GCC_WARN_UNUSED_VARIABLE = YES;
				MACOSX_DEPLOYMENT_TARGET = 10.14;
				MTL_ENABLE_DEBUG_INFO = YES;
				ONLY_ACTIVE_ARCH = YES;
				SDKROOT = macosx;
			};
			name = Debug;
		};
		93E60D7220557F7A009151ED /* Release */ = {
			isa = XCBuildConfiguration;
			buildSettings = {
				ALWAYS_SEARCH_USER_PATHS = NO;
				CLANG_ANALYZER_NONNULL = YES;
				CLANG_ANALYZER_NUMBER_OBJECT_CONVERSION = YES_AGGRESSIVE;
				CLANG_CXX_LANGUAGE_STANDARD = "c++14";
				CLANG_ENABLE_MODULES = YES;
				CLANG_ENABLE_OBJC_ARC = YES;
				CLANG_WARN_BLOCK_CAPTURE_AUTORELEASING = YES;
				CLANG_WARN_BOOL_CONVERSION = YES;
				CLANG_WARN_COMMA = YES;
				CLANG_WARN_CONSTANT_CONVERSION = YES;
				CLANG_WARN_DEPRECATED_OBJC_IMPLEMENTATIONS = YES;
				CLANG_WARN_DIRECT_OBJC_ISA_USAGE = YES_ERROR;
				CLANG_WARN_DOCUMENTATION_COMMENTS = YES;
				CLANG_WARN_EMPTY_BODY = YES;
				CLANG_WARN_ENUM_CONVERSION = YES;
				CLANG_WARN_INFINITE_RECURSION = YES;
				CLANG_WARN_INT_CONVERSION = YES;
				CLANG_WARN_NON_LITERAL_NULL_CONVERSION = YES;
				CLANG_WARN_OBJC_IMPLICIT_RETAIN_SELF = YES;
				CLANG_WARN_OBJC_LITERAL_CONVERSION = YES;
				CLANG_WARN_OBJC_ROOT_CLASS = YES_ERROR;
				CLANG_WARN_QUOTED_INCLUDE_IN_FRAMEWORK_HEADER = YES;
				CLANG_WARN_RANGE_LOOP_ANALYSIS = YES;
				CLANG_WARN_STRICT_PROTOTYPES = YES;
				CLANG_WARN_SUSPICIOUS_MOVE = YES;
				CLANG_WARN_UNGUARDED_AVAILABILITY = YES_AGGRESSIVE;
				CLANG_WARN_UNREACHABLE_CODE = YES;
				CLANG_WARN__DUPLICATE_METHOD_MATCH = YES;
				CODE_SIGN_IDENTITY = "-";
				COPY_PHASE_STRIP = NO;
				DEAD_CODE_STRIPPING = YES;
				DEBUG_INFORMATION_FORMAT = "dwarf-with-dsym";
				ENABLE_NS_ASSERTIONS = NO;
				ENABLE_STRICT_OBJC_MSGSEND = YES;
				GCC_NO_COMMON_BLOCKS = YES;
				GCC_WARN_64_TO_32_BIT_CONVERSION = YES;
				GCC_WARN_ABOUT_RETURN_TYPE = YES_ERROR;
				GCC_WARN_UNDECLARED_SELECTOR = YES;
				GCC_WARN_UNINITIALIZED_AUTOS = YES_AGGRESSIVE;
				GCC_WARN_UNUSED_FUNCTION = YES;
				GCC_WARN_UNUSED_VARIABLE = YES;
				MACOSX_DEPLOYMENT_TARGET = 10.14;
				MTL_ENABLE_DEBUG_INFO = NO;
				SDKROOT = macosx;
			};
			name = Release;
		};
		93E60D7420557F7A009151ED /* Debug */ = {
			isa = XCBuildConfiguration;
			buildSettings = {
				CODE_SIGN_IDENTITY = "-";
				CODE_SIGN_STYLE = Manual;
				DEAD_CODE_STRIPPING = YES;
				DEVELOPMENT_TEAM = "";
				GCC_PREPROCESSOR_DEFINITIONS = (
					"DEBUG=1",
					"$(inherited)",
					DEBUG_CORE,
				);
				PRODUCT_NAME = "$(TARGET_NAME)";
				PROVISIONING_PROFILE_SPECIFIER = "";
			};
			name = Debug;
		};
		93E60D7520557F7A009151ED /* Release */ = {
			isa = XCBuildConfiguration;
			buildSettings = {
				CODE_SIGN_IDENTITY = "-";
				CODE_SIGN_STYLE = Manual;
				DEAD_CODE_STRIPPING = YES;
				DEVELOPMENT_TEAM = "";
				PRODUCT_NAME = "$(TARGET_NAME)";
				PROVISIONING_PROFILE_SPECIFIER = "";
			};
			name = Release;
		};
/* End XCBuildConfiguration section */

/* Begin XCConfigurationList section */
		937F848621DA2B4800DD82F8 /* Build configuration list for PBXNativeTarget "Tests" */ = {
			isa = XCConfigurationList;
			buildConfigurations = (
				937F848721DA2B4800DD82F8 /* Debug */,
				937F848821DA2B4800DD82F8 /* Release */,
			);
			defaultConfigurationIsVisible = 0;
			defaultConfigurationName = Release;
		};
		93E60D6720557F7A009151ED /* Build configuration list for PBXProject "SQLCPPBridgeFramework" */ = {
			isa = XCConfigurationList;
			buildConfigurations = (
				93E60D7120557F7A009151ED /* Debug */,
				93E60D7220557F7A009151ED /* Release */,
			);
			defaultConfigurationIsVisible = 0;
			defaultConfigurationName = Release;
		};
		93E60D7320557F7A009151ED /* Build configuration list for PBXNativeTarget "SQLCPPBridgeFramework" */ = {
			isa = XCConfigurationList;
			buildConfigurations = (
				93E60D7420557F7A009151ED /* Debug */,
				93E60D7520557F7A009151ED /* Release */,
			);
			defaultConfigurationIsVisible = 0;
			defaultConfigurationName = Release;
		};
/* End XCConfigurationList section */
	};
	rootObject = 93E60D6420557F7A009151ED /* Project object */;
}
