<?xml version="1.0" encoding="utf-8"?>
<Project ToolsVersion="4.0" xmlns="http://schemas.microsoft.com/developer/msbuild/2003">
  <ItemGroup>
    <Filter Include="Source Files">
      <UniqueIdentifier>{4FC737F1-C7A5-4376-A066-2A32D752A2FF}</UniqueIdentifier>
      <Extensions>cpp;c;cc;cxx;def;odl;idl;hpj;bat;asm;asmx</Extensions>
    </Filter>
    <Filter Include="Header Files">
      <UniqueIdentifier>{93995380-89BD-4b04-88EB-625FBE52EBFB}</UniqueIdentifier>
      <Extensions>h;hh;hpp;hxx;hm;inl;inc;ipp;xsd</Extensions>
    </Filter>
    <Filter Include="Resource Files">
      <UniqueIdentifier>{67DA6AB6-F800-4c08-8B7A-83BB121AAD01}</UniqueIdentifier>
      <Extensions>rc;ico;cur;bmp;dlg;rc2;rct;bin;rgs;gif;jpg;jpeg;jpe;resx;tiff;tif;png;wav;mfcribbon-ms</Extensions>
    </Filter>
    <Filter Include="Source Files\Cases">
      <UniqueIdentifier>{b9ab9253-611e-4de3-803d-247f085015da}</UniqueIdentifier>
    </Filter>
  </ItemGroup>
  <ItemGroup>
    <ClCompile Include="..\..\UnitTests\src\main.cpp">
      <Filter>Source Files</Filter>
    </ClCompile>
    <ClCompile Include="..\..\UnitTests\src\t_case1.cpp">
      <Filter>Source Files</Filter>
    </ClCompile>
    <ClCompile Include="..\..\UnitTests\src\t_case2.cpp">
      <Filter>Source Files</Filter>
    </ClCompile>
    <ClCompile Include="..\..\UnitTests\src\t_case3.cpp">
      <Filter>Source Files</Filter>
    </ClCompile>
    <ClCompile Include="..\..\UnitTests\src\t_case4.cpp">
      <Filter>Source Files</Filter>
    </ClCompile>
    <ClCompile Include="..\..\UnitTests\src\t_case5.cpp">
      <Filter>Source Files</Filter>
    </ClCompile>
    <ClCompile Include="..\..\UnitTests\src\t_case6.cpp">
      <Filter>Source Files</Filter>
    </ClCompile>
    <ClCompile Include="..\..\UnitTests\src\t_case7.cpp">
      <Filter>Source Files</Filter>
    </ClCompile>
    <ClCompile Include="..\..\UnitTests\src\t_case8.cpp">
      <Filter>Source Files</Filter>
    </ClCompile>
    <ClCompile Include="..\..\UnitTests\src\t_case9.cpp">
      <Filter>Source Files</Filter>
    </ClCompile>
    <ClCompile Include="..\..\UnitTests\src\t_case10.cpp">
      <Filter>Source Files</Filter>
    </ClCompile>
    <ClCompile Include="..\..\UnitTests\src\t_case11.cpp">
      <Filter>Source Files</Filter>
    </ClCompile>
    <ClCompile Include="..\..\UnitTests\src\t_case12.cpp">
      <Filter>Source Files</Filter>
    </ClCompile>
    <ClCompile Include="..\..\UnitTests\src\t_case13.cpp">
      <Filter>Source Files</Filter>
    </ClCompile>
    <ClCompile Include="..\..\UnitTests\src\t_case14.cpp">
      <Filter>Source Files</Filter>
    </ClCompile>
    <ClCompile Include="..\..\UnitTests\src\t_case15.cpp">
      <Filter>Source Files</Filter>
    </ClCompile>
    <ClCompile Include="..\..\UnitTests\src\t_case16.cpp">
      <Filter>Source Files</Filter>
    </ClCompile>
    <ClCompile Include="..\..\UnitTests\src\t_case17.cpp">
      <Filter>Source Files</Filter>
    </ClCompile>
    <ClCompile Include="..\..\UnitTests\src\t_case18.cpp">
      <Filter>Source Files</Filter>
    </ClCompile>
    <ClCompile Include="..\..\UnitTests\src\t_case19.cpp">
      <Filter>Source Files</Filter>
    </ClCompile>
    <ClCompile Include="..\..\UnitTests\src\t_case20.cpp">
      <Filter>Source Files</Filter>
    </ClCompile>
    <ClCompile Include="..\..\UnitTests\src\t_case21.cpp">
      <Filter>Source Files</Filter>
    </ClCompile>
    <ClCompile Include="..\..\UnitTests\src\t_case22.cpp">
      <Filter>Source Files</Filter>
    </ClCompile>
    <ClCompile Include="..\..\UnitTests\src\t_case23.cpp">
      <Filter>Source Files</Filter>
    </ClCompile>
    <ClCompile Include="..\..\UnitTests\src\t_case24.cpp">
      <Filter>Source Files</Filter>
    </ClCompile>
    <ClCompile Include="..\..\UnitTests\src\t_kvdb.cpp">
      <Filter>Source Files</Filter>
    </ClCompile>
    <ClCompile Include="..\..\UnitTests\src\t_traits.cpp">
      <Filter>Source Files</Filter>
    </ClCompile>
    <ClCompile Include="..\..\Cases\example1.cpp">
      <Filter>Source Files\Cases</Filter>
    </ClCompile>
    <ClCompile Include="..\..\Cases\example2.cpp">
      <Filter>Source Files\Cases</Filter>
    </ClCompile>
    <ClCompile Include="..\..\Cases\example3.cpp">
      <Filter>Source Files\Cases</Filter>
    </ClCompile>
    <ClCompile Include="..\..\Cases\example4.cpp">
      <Filter>Source Files\Cases</Filter>
    </ClCompile>
    <ClCompile Include="..\..\Cases\example5.cpp">
      <Filter>Source Files\Cases</Filter>
    </ClCompile>
    <ClCompile Include="..\..\Cases\example6.cpp">
      <Filter>Source Files\Cases</Filter>
    </ClCompile>
    <ClCompile Include="..\..\Cases\example7.cpp">
      <Filter>Source Files\Cases</Filter>
    </ClCompile>
    <ClCompile Include="..\..\Cases\example8.cpp">
      <Filter>Source Files\Cases</Filter>
    </ClCompile>
    <ClCompile Include="..\..\Cases\example9.cpp">
      <Filter>Source Files\Cases</Filter>
    </ClCompile>
    <ClCompile Include="..\..\Cases\example10.cpp">
      <Filter>Source Files\Cases</Filter>
    </ClCompile>
    <ClCompile Include="..\..\Cases\example11.cpp">
      <Filter>Source Files\Cases</Filter>
    </ClCompile>
    <ClCompile Include="..\..\Cases\example12.cpp">
      <Filter>Source Files\Cases</Filter>
    </ClCompile>
    <ClCompile Include="..\..\Cases\example13.cpp">
      <Filter>Source Files\Cases</Filter>
    </ClCompile>
    <ClCompile Include="..\..\Cases\example14.cpp">
      <Filter>Source Files\Cases</Filter>
    </ClCompile>
    <ClCompile Include="..\..\Cases\example15.cpp">
      <Filter>Source Files\Cases</Filter>
    </ClCompile>
    <ClCompile Include="..\..\Cases\example16.cpp">
      <Filter>Source Files\Cases</Filter>
    </ClCompile>
    <ClCompile Include="..\..\Cases\example17.cpp">
      <Filter>Source Files\Cases</Filter>
    </ClCompile>
    <ClCompile Include="..\..\Cases\example18.cpp">
      <Filter>Source Files\Cases</Filter>
    </ClCompile>
    <ClCompile Include="..\..\Cases\example19.cpp">
      <Filter>Source Files\Cases</Filter>
    </ClCompile>
    <ClCompile Include="..\..\Cases\example20.cpp">
      <Filter>Source Files\Cases</Filter>
    </ClCompile>
    <ClCompile Include="..\..\Cases\example21.cpp">
      <Filter>Source Files\Cases</Filter>
    </ClCompile>
    <ClCompile Include="..\..\Cases\example22.cpp">
      <Filter>Source Files\Cases</Filter>
    </ClCompile>
    <ClCompile Include="..\..\Cases\example23.cpp">
      <Filter>Source Files\Cases</Filter>
    </ClCompile>
    <ClCompile Include="..\..\Cases\example24.cpp">
      <Filter>Source Files\Cases</Filter>
    </ClCompile>
  </ItemGroup>
  <ItemGroup>
    <ClInclude Include="..\..\UnitTests\include\t_db_fixture.h">
      <Filter>Header Files</Filter>
    </ClInclude>
  </ItemGroup>
  <ItemGroup>
    <None Include="packages.config" />
  </ItemGroup>
</Project>