<?xml version="1.0" encoding="utf-8"?>
<Project ToolsVersion="4.0" xmlns="http://schemas.microsoft.com/developer/msbuild/2003">
  <ItemGroup>
    <Filter Include="Source Files">
      <UniqueIdentifier>{4FC737F1-C7A5-4376-A066-2A32D752A2FF}</UniqueIdentifier>
      <Extensions>cpp;c;cc;cxx;def;odl;idl;hpj;bat;asm;asmx</Extensions>
    </Filter>
    <Filter Include="Header Files">
      <UniqueIdentifier>{93995380-89BD-4b04-88EB-625FBE52EBFB}</UniqueIdentifier>
      <Extensions>h;hh;hpp;hxx;hm;inl;inc;ipp;xsd</Extensions>
    </Filter>
    <Filter Include="Resource Files">
      <UniqueIdentifier>{67DA6AB6-F800-4c08-8B7A-83BB121AAD01}</UniqueIdentifier>
      <Extensions>rc;ico;cur;bmp;dlg;rc2;rct;bin;rgs;gif;jpg;jpeg;jpe;resx;tiff;tif;png;wav;mfcribbon-ms</Extensions>
    </Filter>
    <Filter Include="Source Files\Cases">
      <UniqueIdentifier>{b9ab9253-611e-4de3-803d-247f085015da}</UniqueIdentifier>
    </Filter>
    <Filter Include="Header Files\Cases">
      <UniqueIdentifier>{82d5860e-2aa9-4cdf-99dc-546162edb828}</UniqueIdentifier>
    </Filter>
  </ItemGroup>
  <ItemGroup>
    <ClCompile Include="..\..\UnitTests\src\main.cpp">
      <Filter>Source Files</Filter>
    </ClCompile>
    <ClCompile Include="..\..\UnitTests\src\t_case1.cpp">
      <Filter>Source Files</Filter>
    </ClCompile>
    <ClCompile Include="..\..\UnitTests\src\t_case2.cpp">
      <Filter>Source Files</Filter>
    </ClCompile>
    <ClCompile Include="..\..\UnitTests\src\t_case3.cpp">
      <Filter>Source Files</Filter>
    </ClCompile>
    <ClCompile Include="..\..\UnitTests\src\t_case4.cpp">
      <Filter>Source Files</Filter>
    </ClCompile>
    <ClCompile Include="..\..\UnitTests\src\t_case5.cpp">
      <Filter>Source Files</Filter>
    </ClCompile>
    <ClCompile Include="..\..\UnitTests\src\t_case6.cpp">
      <Filter>Source Files</Filter>
    </ClCompile>
    <ClCompile Include="..\..\UnitTests\src\t_case7.cpp">
      <Filter>Source Files</Filter>
    </ClCompile>
    <ClCompile Include="..\..\UnitTests\src\t_case8.cpp">
      <Filter>Source Files</Filter>
    </ClCompile>
    <ClCompile Include="..\..\UnitTests\src\t_case9.cpp">
      <Filter>Source Files</Filter>
    </ClCompile>
    <ClCompile Include="..\..\UnitTests\src\t_case10.cpp">
      <Filter>Source Files</Filter>
    </ClCompile>
    <ClCompile Include="..\..\UnitTests\src\t_case11.cpp">
      <Filter>Source Files</Filter>
    </ClCompile>
    <ClCompile Include="..\..\UnitTests\src\t_case12.cpp">
      <Filter>Source Files</Filter>
    </ClCompile>
    <ClCompile Include="..\..\UnitTests\src\t_case13.cpp">
      <Filter>Source Files</Filter>
    </ClCompile>
    <ClCompile Include="..\..\UnitTests\src\t_case14.cpp">
      <Filter>Source Files</Filter>
    </ClCompile>
    <ClCompile Include="..\..\UnitTests\src\t_case15.cpp">
      <Filter>Source Files</Filter>
    </ClCompile>
    <ClCompile Include="..\..\UnitTests\src\t_case16.cpp">
      <Filter>Source Files</Filter>
    </ClCompile>
    <ClCompile Include="..\..\UnitTests\src\t_case17.cpp">
      <Filter>Source Files</Filter>
    </ClCompile>
    <ClCompile Include="..\..\UnitTests\src\t_case18.cpp">
      <Filter>Source Files</Filter>
    </ClCompile>
    <ClCompile Include="..\..\UnitTests\src\t_case19.cpp">
      <Filter>Source Files</Filter>
    </ClCompile>
    <ClCompile Include="..\..\UnitTests\src\t_case20.cpp">
      <Filter>Source Files</Filter>
    </ClCompile>
    <ClCompile Include="..\..\UnitTests\src\t_case21.cpp">
      <Filter>Source Files</Filter>
    </ClCompile>
    <ClCompile Include="..\..\UnitTests\src\t_case22.cpp">
      <Filter>Source Files</Filter>
    </ClCompile>
    <ClCompile Include="..\..\UnitTests\src\t_case23.cpp">
      <Filter>Source Files</Filter>
    </ClCompile>
    <ClCompile Include="..\..\UnitTests\src\t_case24.cpp">
      <Filter>Source Files</Filter>
    </ClCompile>
    <ClCompile Include="..\..\UnitTests\src\t_kvdb.cpp">
      <Filter>Source Files</Filter>
    </ClCompile>
    <ClCompile Include="..\..\UnitTests\src\t_traits.cpp">
      <Filter>Source Files</Filter>
    </ClCompile>
    <ClCompile Include="..\..\Cases\example1.cpp">
      <Filter>Source Files\Cases</Filter>
    </ClCompile>
    <ClCompile Include="..\..\Cases\example2.cpp">
      <Filter>Source Files\Cases</Filter>
    </ClCompile>
    <ClCompile Include="..\..\Cases\example3.cpp">
      <Filter>Source Files\Cases</Filter>
    </ClCompile>
    <ClCompile Include="..\..\Cases\example4.cpp">
      <Filter>Source Files\Cases</Filter>
    </ClCompile>
    <ClCompile Include="..\..\Cases\example5.cpp">
      <Filter>Source Files\Cases</Filter>
    </ClCompile>
    <ClCompile Include="..\..\Cases\example6.cpp">
      <Filter>Source Files\Cases</Filter>
    </ClCompile>
    <ClCompile Include="..\..\Cases\example7.cpp">
      <Filter>Source Files\Cases</Filter>
    </ClCompile>
    <ClCompile Include="..\..\Cases\example8.cpp">
      <Filter>Source Files\Cases</Filter>
    </ClCompile>
    <ClCompile Include="..\..\Cases\example9.cpp">
      <Filter>Source Files\Cases</Filter>
    </ClCompile>
    <ClCompile Include="..\..\Cases\example10.cpp">
      <Filter>Source Files\Cases</Filter>
    </ClCompile>
    <ClCompile Include="..\..\Cases\example11.cpp">
      <Filter>Source Files\Cases</Filter>
    </ClCompile>
    <ClCompile Include="..\..\Cases\example12.cpp">
      <Filter>Source Files\Cases</Filter>
    </ClCompile>
    <ClCompile Include="..\..\Cases\example13.cpp">
      <Filter>Source Files\Cases</Filter>
    </ClCompile>
    <ClCompile Include="..\..\Cases\example14.cpp">
      <Filter>Source Files\Cases</Filter>
    </ClCompile>
    <ClCompile Include="..\..\Cases\example15.cpp">
      <Filter>Source Files\Cases</Filter>
    </ClCompile>
    <ClCompile Include="..\..\Cases\example16.cpp">
      <Filter>Source Files\Cases</Filter>
    </ClCompile>
    <ClCompile Include="..\..\Cases\example17.cpp">
      <Filter>Source Files\Cases</Filter>
    </ClCompile>
    <ClCompile Include="..\..\Cases\example18.cpp">
      <Filter>Source Files\Cases</Filter>
    </ClCompile>
    <ClCompile Include="..\..\Cases\example19.cpp">
      <Filter>Source Files\Cases</Filter>
    </ClCompile>
    <ClCompile Include="..\..\Cases\example20.cpp">
      <Filter>Source Files\Cases</Filter>
    </ClCompile>
    <ClCompile Include="..\..\Cases\example21.cpp">
      <Filter>Source Files\Cases</Filter>
    </ClCompile>
    <ClCompile Include="..\..\Cases\example22.cpp">
      <Filter>Source Files\Cases</Filter>
    </ClCompile>
    <ClCompile Include="..\..\Cases\example23.cpp">
      <Filter>Source Files\Cases</Filter>
    </ClCompile>
    <ClCompile Include="..\..\Cases\example24.cpp">
      <Filter>Source Files\Cases</Filter>
    </ClCompile>
    <ClCompile Include="..\..\UnitTests\src\t_case25.cpp">
      <Filter>Source Files</Filter>
    </ClCompile>
    <ClCompile Include="..\..\UnitTests\src\t_case26.cpp">
      <Filter>Source Files</Filter>
    </ClCompile>
    <ClCompile Include="..\..\Cases\example25.cpp">
      <Filter>Source Files\Cases</Filter>
    </ClCompile>
    <ClCompile Include="..\..\Cases\example26.cpp">
      <Filter>Source Files\Cases</Filter>
    </ClCompile>
    <ClCompile Include="..\..\Cases\example27.cpp">
      <Filter>Source Files\Cases</Filter>
    </ClCompile>
    <ClCompile Include="..\..\UnitTests\src\t_case28.cpp">
      <Filter>Source Files</Filter>
    </ClCompile>
    <ClCompile Include="..\..\UnitTests\src\t_case29.cpp">
      <Filter>Source Files</Filter>
    </ClCompile>
    <ClCompile Include="..\..\Cases\example28.cpp">
      <Filter>Source Files\Cases</Filter>
    </ClCompile>
    <ClCompile Include="..\..\Cases\example29.cpp">
      <Filter>Source Files\Cases</Filter>
    </ClCompile>
  </ItemGroup>
  <ItemGroup>
    <ClInclude Include="..\..\UnitTests\include\t_db_fixture.h">
      <Filter>Header Files</Filter>
    </ClInclude>
    <ClInclude Include="..\..\SQLBridge\include\sb_class_descriptor.h">
      <Filter>Header Files</Filter>
    </ClInclude>
    <ClInclude Include="..\..\SQLBridge\include\sb_container_descriptor.h">
      <Filter>Header Files</Filter>
    </ClInclude>
    <ClInclude Include="..\..\SQLBridge\include\sb_context.h">
      <Filter>Header Files</Filter>
    </ClInclude>
    <ClInclude Include="..\..\SQLBridge\include\sb_core.h">
      <Filter>Header Files</Filter>
    </ClInclude>
    <ClInclude Include="..\..\SQLBridge\include\sb_core_misc.h">
      <Filter>Header Files</Filter>
    </ClInclude>
    <ClInclude Include="..\..\SQLBridge\include\sb_data_section.h">
      <Filter>Header Files</Filter>
    </ClInclude>
    <ClInclude Include="..\..\SQLBridge\include\sb_data_section_descriptor.h">
      <Filter>Header Files</Filter>
    </ClInclude>
    <ClInclude Include="..\..\SQLBridge\include\sb_exceptions.h">
      <Filter>Header Files</Filter>
    </ClInclude>
    <ClInclude Include="..\..\SQLBridge\include\sb_foundation.h">
      <Filter>Header Files</Filter>
    </ClInclude>
    <ClInclude Include="..\..\SQLBridge\include\sb_inheritance_descriptor.h">
      <Filter>Header Files</Filter>
    </ClInclude>
    <ClInclude Include="..\..\SQLBridge\include\sb_kv_storage.h">
      <Filter>Header Files</Filter>
    </ClInclude>
    <ClInclude Include="..\..\SQLBridge\include\sb_links.h">
      <Filter>Header Files</Filter>
    </ClInclude>
    <ClInclude Include="..\..\SQLBridge\include\sb_local_storage.h">
      <Filter>Header Files</Filter>
    </ClInclude>
    <ClInclude Include="..\..\SQLBridge\include\sb_members_descriptor.h">
      <Filter>Header Files</Filter>
    </ClInclude>
    <ClInclude Include="..\..\SQLBridge\include\sb_sqlite_adapter.h">
      <Filter>Header Files</Filter>
    </ClInclude>
    <ClInclude Include="..\..\SQLBridge\include\sb_stm_builder.h">
      <Filter>Header Files</Filter>
    </ClInclude>
    <ClInclude Include="..\..\SQLBridge\include\sb_tasks_queue.h">
      <Filter>Header Files</Filter>
    </ClInclude>
    <ClInclude Include="..\..\SQLBridge\include\sb_traits.h">
      <Filter>Header Files</Filter>
    </ClInclude>
    <ClInclude Include="..\..\SQLBridge\include\sb_trivial_members_descriptor.h">
      <Filter>Header Files</Filter>
    </ClInclude>
    <ClInclude Include="..\..\SQLBridge\include\sb_value.h">
      <Filter>Header Files</Filter>
    </ClInclude>
    <ClInclude Include="..\..\SQLBridge\include\sqlcppbridge.h">
      <Filter>Header Files</Filter>
    </ClInclude>
    <ClInclude Include="..\..\Cases\example1.h">
      <Filter>Header Files\Cases</Filter>
    </ClInclude>
    <ClInclude Include="..\..\Cases\example2.h">
      <Filter>Header Files\Cases</Filter>
    </ClInclude>
    <ClInclude Include="..\..\Cases\example3.h">
      <Filter>Header Files\Cases</Filter>
    </ClInclude>
    <ClInclude Include="..\..\Cases\example4.h">
      <Filter>Header Files\Cases</Filter>
    </ClInclude>
    <ClInclude Include="..\..\Cases\example5.h">
      <Filter>Header Files\Cases</Filter>
    </ClInclude>
    <ClInclude Include="..\..\Cases\example6.h">
      <Filter>Header Files\Cases</Filter>
    </ClInclude>
    <ClInclude Include="..\..\Cases\example7.h">
      <Filter>Header Files\Cases</Filter>
    </ClInclude>
    <ClInclude Include="..\..\Cases\example8.h">
      <Filter>Header Files\Cases</Filter>
    </ClInclude>
    <ClInclude Include="..\..\Cases\example9.h">
      <Filter>Header Files\Cases</Filter>
    </ClInclude>
    <ClInclude Include="..\..\Cases\example10.h">
      <Filter>Header Files\Cases</Filter>
    </ClInclude>
    <ClInclude Include="..\..\Cases\example11.h">
      <Filter>Header Files\Cases</Filter>
    </ClInclude>
    <ClInclude Include="..\..\Cases\example12.h">
      <Filter>Header Files\Cases</Filter>
    </ClInclude>
    <ClInclude Include="..\..\Cases\example13.h">
      <Filter>Header Files\Cases</Filter>
    </ClInclude>
    <ClInclude Include="..\..\Cases\example14.h">
      <Filter>Header Files\Cases</Filter>
    </ClInclude>
    <ClInclude Include="..\..\Cases\example15.h">
      <Filter>Header Files\Cases</Filter>
    </ClInclude>
    <ClInclude Include="..\..\Cases\example16.h">
      <Filter>Header Files\Cases</Filter>
    </ClInclude>
    <ClInclude Include="..\..\Cases\example17.h">
      <Filter>Header Files\Cases</Filter>
    </ClInclude>
    <ClInclude Include="..\..\Cases\example18.h">
      <Filter>Header Files\Cases</Filter>
    </ClInclude>
    <ClInclude Include="..\..\Cases\example19.h">
      <Filter>Header Files\Cases</Filter>
    </ClInclude>
    <ClInclude Include="..\..\Cases\example20.h">
      <Filter>Header Files\Cases</Filter>
    </ClInclude>
    <ClInclude Include="..\..\Cases\example21.h">
      <Filter>Header Files\Cases</Filter>
    </ClInclude>
    <ClInclude Include="..\..\Cases\example22.h">
      <Filter>Header Files\Cases</Filter>
    </ClInclude>
    <ClInclude Include="..\..\Cases\example23.h">
      <Filter>Header Files\Cases</Filter>
    </ClInclude>
    <ClInclude Include="..\..\Cases\example24.h">
      <Filter>Header Files\Cases</Filter>
    </ClInclude>
    <ClInclude Include="..\..\Cases\example25.h">
      <Filter>Header Files\Cases</Filter>
    </ClInclude>
    <ClInclude Include="..\..\Cases\example26.h">
      <Filter>Header Files\Cases</Filter>
    </ClInclude>
    <ClInclude Include="..\..\Cases\example27.h">
      <Filter>Header Files\Cases</Filter>
    </ClInclude>
  </ItemGroup>
  <ItemGroup>
    <None Include="packages.config" />
  </ItemGroup>
</Project>